PODS:
  - UberSDK (0.0.1):
    - UberSDK/API (= 0.0.1)
    - UberSDK/Core (= 0.0.1)
    - UberSDK/OAuth2 (= 0.0.1)
  - UberSDK/API (0.0.1)
  - UberSDK/Core (0.0.1)
  - UberSDK/OAuth2 (0.0.1):
    - UberSDK/Core

DEPENDENCIES:
  - UberSDK (from `..`)

EXTERNAL SOURCES:
  UberSDK:
    :path: ..

SPEC CHECKSUMS:
  UberSDK: cb2a8dbfdecd9d8bc0e275e47276885b3ed881ae

COCOAPODS: 0.37.1
