// !$*UTF8*$!
{
	archiveVersion = 1;
	classes = {
	};
	objectVersion = 60;
	objects = {

/* Begin PBXBuildFile section */
		B206A5622C6BEF6400F51AB0 /* AuthResponseView.swift in Sources */ = {isa = PBXBuildFile; fileRef = B206A5612C6BEF6400F51AB0 /* AuthResponseView.swift */; };
		B21C2DD82C6574D300337E93 /* DeeplinkManagerTests.swift in Sources */ = {isa = PBXBuildFile; fileRef = B21C2DD62C6574D300337E93 /* DeeplinkManagerTests.swift */; };
		B21C2DD92C6574D300337E93 /* BaseDeeplinkTests.swift in Sources */ = {isa = PBXBuildFile; fileRef = B21C2DD72C6574D300337E93 /* BaseDeeplinkTests.swift */; };
		B21C2E072C6574D900337E93 /* getHistory.json in Resources */ = {isa = PBXBuildFile; fileRef = B21C2DDA2C6574D900337E93 /* getHistory.json */; };
		B21C2E082C6574D900337E93 /* getMe.json in Resources */ = {isa = PBXBuildFile; fileRef = B21C2DDB2C6574D900337E93 /* getMe.json */; };
		B21C2E092C6574D900337E93 /* getPaymentMethods.json in Resources */ = {isa = PBXBuildFile; fileRef = B21C2DDC2C6574D900337E93 /* getPaymentMethods.json */; };
		B21C2E0A2C6574D900337E93 /* getPriceEstimates.json in Resources */ = {isa = PBXBuildFile; fileRef = B21C2DDD2C6574D900337E93 /* getPriceEstimates.json */; };
		B21C2E0B2C6574D900337E93 /* getPriceEstimatesEmpty.json in Resources */ = {isa = PBXBuildFile; fileRef = B21C2DDE2C6574D900337E93 /* getPriceEstimatesEmpty.json */; };
		B21C2E0C2C6574D900337E93 /* getProductID.json in Resources */ = {isa = PBXBuildFile; fileRef = B21C2DDF2C6574D900337E93 /* getProductID.json */; };
		B21C2E0D2C6574D900337E93 /* getProducts.json in Resources */ = {isa = PBXBuildFile; fileRef = B21C2DE02C6574D900337E93 /* getProducts.json */; };
		B21C2E0E2C6574D900337E93 /* getRequestAccepted.json in Resources */ = {isa = PBXBuildFile; fileRef = B21C2DE12C6574D900337E93 /* getRequestAccepted.json */; };
		B21C2E0F2C6574D900337E93 /* getRequestArriving.json in Resources */ = {isa = PBXBuildFile; fileRef = B21C2DE22C6574D900337E93 /* getRequestArriving.json */; };
		B21C2E102C6574D900337E93 /* getRequestCompleted.json in Resources */ = {isa = PBXBuildFile; fileRef = B21C2DE32C6574D900337E93 /* getRequestCompleted.json */; };
		B21C2E112C6574D900337E93 /* getRequestInProgress.json in Resources */ = {isa = PBXBuildFile; fileRef = B21C2DE42C6574D900337E93 /* getRequestInProgress.json */; };
		B21C2E122C6574D900337E93 /* getRequestProcessing.json in Resources */ = {isa = PBXBuildFile; fileRef = B21C2DE52C6574D900337E93 /* getRequestProcessing.json */; };
		B21C2E132C6574D900337E93 /* getTimeEstimateProduct.json in Resources */ = {isa = PBXBuildFile; fileRef = B21C2DE62C6574D900337E93 /* getTimeEstimateProduct.json */; };
		B21C2E142C6574D900337E93 /* getTimeEstimates.json in Resources */ = {isa = PBXBuildFile; fileRef = B21C2DE72C6574D900337E93 /* getTimeEstimates.json */; };
		B21C2E152C6574D900337E93 /* getTimeEstimatesEmpty.json in Resources */ = {isa = PBXBuildFile; fileRef = B21C2DE82C6574D900337E93 /* getTimeEstimatesEmpty.json */; };
		B21C2E162C6574D900337E93 /* place.json in Resources */ = {isa = PBXBuildFile; fileRef = B21C2DE92C6574D900337E93 /* place.json */; };
		B21C2E172C6574D900337E93 /* postRequests.json in Resources */ = {isa = PBXBuildFile; fileRef = B21C2DEA2C6574D900337E93 /* postRequests.json */; };
		B21C2E182C6574D900337E93 /* refresh.json in Resources */ = {isa = PBXBuildFile; fileRef = B21C2DEB2C6574D900337E93 /* refresh.json */; };
		B21C2E192C6574D900337E93 /* requestEstimate.json in Resources */ = {isa = PBXBuildFile; fileRef = B21C2DEC2C6574D900337E93 /* requestEstimate.json */; };
		B21C2E1A2C6574D900337E93 /* requestEstimateNoCars.json in Resources */ = {isa = PBXBuildFile; fileRef = B21C2DED2C6574D900337E93 /* requestEstimateNoCars.json */; };
		B21C2E1B2C6574D900337E93 /* requestEstimateNoUpfront.json in Resources */ = {isa = PBXBuildFile; fileRef = B21C2DEE2C6574D900337E93 /* requestEstimateNoUpfront.json */; };
		B21C2E1C2C6574D900337E93 /* rideMap.json in Resources */ = {isa = PBXBuildFile; fileRef = B21C2DEF2C6574D900337E93 /* rideMap.json */; };
		B21C2E1D2C6574D900337E93 /* rideReceipt.json in Resources */ = {isa = PBXBuildFile; fileRef = B21C2DF02C6574D900337E93 /* rideReceipt.json */; };
		B21C2E1F2C6574D900337E93 /* APIManagerTests.swift in Sources */ = {isa = PBXBuildFile; fileRef = B21C2DF32C6574D900337E93 /* APIManagerTests.swift */; };
		B21C2E202C6574D900337E93 /* DeeplinkRequestingBehaviorTests.swift in Sources */ = {isa = PBXBuildFile; fileRef = B21C2DF42C6574D900337E93 /* DeeplinkRequestingBehaviorTests.swift */; };
		B21C2E212C6574D900337E93 /* ModalViewControllerTests.swift in Sources */ = {isa = PBXBuildFile; fileRef = B21C2DF52C6574D900337E93 /* ModalViewControllerTests.swift */; };
		B21C2E222C6574D900337E93 /* ObjectMappingTests.swift in Sources */ = {isa = PBXBuildFile; fileRef = B21C2DF62C6574D900337E93 /* ObjectMappingTests.swift */; };
		B21C2E232C6574D900337E93 /* RequestButtonTests.swift in Sources */ = {isa = PBXBuildFile; fileRef = B21C2DF72C6574D900337E93 /* RequestButtonTests.swift */; };
		B21C2E242C6574D900337E93 /* RequestDeeplinkTests.swift in Sources */ = {isa = PBXBuildFile; fileRef = B21C2DF82C6574D900337E93 /* RequestDeeplinkTests.swift */; };
		B21C2E252C6574D900337E93 /* RequestLayerTests.swift in Sources */ = {isa = PBXBuildFile; fileRef = B21C2DF92C6574D900337E93 /* RequestLayerTests.swift */; };
		B21C2E262C6574D900337E93 /* RequestURLUtilTests.swift in Sources */ = {isa = PBXBuildFile; fileRef = B21C2DFA2C6574D900337E93 /* RequestURLUtilTests.swift */; };
		B21C2E272C6574D900337E93 /* RideParametersTest.swift in Sources */ = {isa = PBXBuildFile; fileRef = B21C2DFB2C6574D900337E93 /* RideParametersTest.swift */; };
		B21C2E282C6574D900337E93 /* RideRequestViewControllerTests.swift in Sources */ = {isa = PBXBuildFile; fileRef = B21C2DFC2C6574D900337E93 /* RideRequestViewControllerTests.swift */; };
		B21C2E292C6574D900337E93 /* RideRequestViewErrorFactoryTests.swift in Sources */ = {isa = PBXBuildFile; fileRef = B21C2DFD2C6574D900337E93 /* RideRequestViewErrorFactoryTests.swift */; };
		B21C2E2A2C6574D900337E93 /* RideRequestViewRequestingBehaviorTests.swift in Sources */ = {isa = PBXBuildFile; fileRef = B21C2DFE2C6574D900337E93 /* RideRequestViewRequestingBehaviorTests.swift */; };
		B21C2E2B2C6574D900337E93 /* RideRequestViewTests.swift in Sources */ = {isa = PBXBuildFile; fileRef = B21C2DFF2C6574D900337E93 /* RideRequestViewTests.swift */; };
		B21C2E2C2C6574D900337E93 /* RidesAuthenticationErrorFactoryTests.swift in Sources */ = {isa = PBXBuildFile; fileRef = B21C2E002C6574D900337E93 /* RidesAuthenticationErrorFactoryTests.swift */; };
		B21C2E2D2C6574D900337E93 /* RidesClientTests.swift in Sources */ = {isa = PBXBuildFile; fileRef = B21C2E012C6574D900337E93 /* RidesClientTests.swift */; };
		B21C2E2E2C6574D900337E93 /* RidesMocks.swift in Sources */ = {isa = PBXBuildFile; fileRef = B21C2E022C6574D900337E93 /* RidesMocks.swift */; };
		B21C2E2F2C6574D900337E93 /* RidesScopeExtensionsTests.swift in Sources */ = {isa = PBXBuildFile; fileRef = B21C2E032C6574D900337E93 /* RidesScopeExtensionsTests.swift */; };
		B21C2E302C6574D900337E93 /* URLComponentsExtensionsTests.swift in Sources */ = {isa = PBXBuildFile; fileRef = B21C2E042C6574D900337E93 /* URLComponentsExtensionsTests.swift */; };
		B21C2E312C6574D900337E93 /* WidgetsEndpointTests.swift in Sources */ = {isa = PBXBuildFile; fileRef = B21C2E052C6574D900337E93 /* WidgetsEndpointTests.swift */; };
		B21C2E342C6574FD00337E93 /* OHHTTPStubsSwift in Frameworks */ = {isa = PBXBuildFile; productRef = B21C2E332C6574FD00337E93 /* OHHTTPStubsSwift */; };
		B21C2E382C65826E00337E93 /* testInfo.plist in Resources */ = {isa = PBXBuildFile; fileRef = B21C2E352C6581C900337E93 /* testInfo.plist */; };
		B21C2E3B2C65846F00337E93 /* testInfoNoServerToken.plist in Resources */ = {isa = PBXBuildFile; fileRef = B21C2E3A2C65846F00337E93 /* testInfoNoServerToken.plist */; };
		B21C2E3C2C6585A700337E93 /* testInfoNoServerToken.plist in Resources */ = {isa = PBXBuildFile; fileRef = B21C2E3A2C65846F00337E93 /* testInfoNoServerToken.plist */; };
		B21C2E3D2C6585AA00337E93 /* testInfo.plist in Resources */ = {isa = PBXBuildFile; fileRef = B21C2E352C6581C900337E93 /* testInfo.plist */; };
		B21E42782BE2FF6500D9C5E1 /* KeychainUtilityTests.swift in Sources */ = {isa = PBXBuildFile; fileRef = B21E42772BE2FF6500D9C5E1 /* KeychainUtilityTests.swift */; };
		B25D308A2BD03F50008A67CF /* UberButtonView.swift in Sources */ = {isa = PBXBuildFile; fileRef = B25D30892BD03F50008A67CF /* UberButtonView.swift */; };
		B28217C82B97A2E400EE786D /* AuthManagerTests.swift in Sources */ = {isa = PBXBuildFile; fileRef = B28217C72B97A2E400EE786D /* AuthManagerTests.swift */; };
		B28A41712BACA97000F727C7 /* AuthorizationCodeResponseParserTests.swift in Sources */ = {isa = PBXBuildFile; fileRef = B28A41702BACA97000F727C7 /* AuthorizationCodeResponseParserTests.swift */; };
		B28A41752BAE331300F727C7 /* ParRequestTests.swift in Sources */ = {isa = PBXBuildFile; fileRef = B28A41742BAE331300F727C7 /* ParRequestTests.swift */; };
		B28CDD322BA403A900EB1BBD /* AuthorizationCodeAuthProviderTests.swift in Sources */ = {isa = PBXBuildFile; fileRef = B28CDD312BA403A900EB1BBD /* AuthorizationCodeAuthProviderTests.swift */; };
		B28CDD342BA4BE2100EB1BBD /* RequestTests.swift in Sources */ = {isa = PBXBuildFile; fileRef = B28CDD332BA4BE2100EB1BBD /* RequestTests.swift */; };
		B28CDD362BA4C6CA00EB1BBD /* AuthorizeRequestTests.swift in Sources */ = {isa = PBXBuildFile; fileRef = B28CDD352BA4C6CA00EB1BBD /* AuthorizeRequestTests.swift */; };
		B2983AE52BCF15FF00159EA7 /* TokenManagerTests.swift in Sources */ = {isa = PBXBuildFile; fileRef = B2983AE42BCF15FF00159EA7 /* TokenManagerTests.swift */; };
		B2983AE92BCF663100159EA7 /* Mocks.swift in Sources */ = {isa = PBXBuildFile; fileRef = B2983AE82BCF663100159EA7 /* Mocks.swift */; };
		B2D096952B97C4A00093B510 /* UberAuthErrorTests.swift in Sources */ = {isa = PBXBuildFile; fileRef = B2D096942B97C4A00093B510 /* UberAuthErrorTests.swift */; };
		B2D0969A2B98012A0093B510 /* SelectionOptions.swift in Sources */ = {isa = PBXBuildFile; fileRef = B2D096992B98012A0093B510 /* SelectionOptions.swift */; };
		B2D7AE1C2B979EDA007F03FB /* UberSDKApp.swift in Sources */ = {isa = PBXBuildFile; fileRef = B2D7AE1B2B979EDA007F03FB /* UberSDKApp.swift */; };
		B2D7AE1E2B979EDA007F03FB /* ContentView.swift in Sources */ = {isa = PBXBuildFile; fileRef = B2D7AE1D2B979EDA007F03FB /* ContentView.swift */; };
		B2D7AE202B979EDB007F03FB /* Assets.xcassets in Resources */ = {isa = PBXBuildFile; fileRef = B2D7AE1F2B979EDB007F03FB /* Assets.xcassets */; };
		B2D7AE232B979EDB007F03FB /* Preview Assets.xcassets in Resources */ = {isa = PBXBuildFile; fileRef = B2D7AE222B979EDB007F03FB /* Preview Assets.xcassets */; };
		B2D7AE442B979F4E007F03FB /* UberAuth in Frameworks */ = {isa = PBXBuildFile; productRef = B2D7AE432B979F4E007F03FB /* UberAuth */; };
		B2D7AE462B979F4E007F03FB /* UberCore in Frameworks */ = {isa = PBXBuildFile; productRef = B2D7AE452B979F4E007F03FB /* UberCore */; };
		B2D7AE482B979F4E007F03FB /* UberRides in Frameworks */ = {isa = PBXBuildFile; productRef = B2D7AE472B979F4E007F03FB /* UberRides */; };
		B2D7AE492B979F58007F03FB /* SelectionView.swift in Sources */ = {isa = PBXBuildFile; fileRef = B29303D62B891D3E00D28BAA /* SelectionView.swift */; };
		B2D7AE4A2B979F5D007F03FB /* Helpers.swift in Sources */ = {isa = PBXBuildFile; fileRef = B29303D82B89408D00D28BAA /* Helpers.swift */; };
/* End PBXBuildFile section */

/* Begin PBXContainerItemProxy section */
		B2D7AE292B979EDB007F03FB /* PBXContainerItemProxy */ = {
			isa = PBXContainerItemProxy;
			containerPortal = B293039A2B89113F00D28BAA /* Project object */;
			proxyType = 1;
			remoteGlobalIDString = B2D7AE182B979EDA007F03FB;
			remoteInfo = UberSDK;
		};
/* End PBXContainerItemProxy section */

/* Begin PBXFileReference section */
		B206A5612C6BEF6400F51AB0 /* AuthResponseView.swift */ = {isa = PBXFileReference; lastKnownFileType = sourcecode.swift; path = AuthResponseView.swift; sourceTree = "<group>"; };
		B21C2DCC2C656BFC00337E93 /* UberSDK.xctestplan */ = {isa = PBXFileReference; lastKnownFileType = text; path = UberSDK.xctestplan; sourceTree = "<group>"; };
		B21C2DD62C6574D300337E93 /* DeeplinkManagerTests.swift */ = {isa = PBXFileReference; fileEncoding = 4; lastKnownFileType = sourcecode.swift; path = DeeplinkManagerTests.swift; sourceTree = "<group>"; };
		B21C2DD72C6574D300337E93 /* BaseDeeplinkTests.swift */ = {isa = PBXFileReference; fileEncoding = 4; lastKnownFileType = sourcecode.swift; path = BaseDeeplinkTests.swift; sourceTree = "<group>"; };
		B21C2DDA2C6574D900337E93 /* getHistory.json */ = {isa = PBXFileReference; fileEncoding = 4; lastKnownFileType = text.json; path = getHistory.json; sourceTree = "<group>"; };
		B21C2DDB2C6574D900337E93 /* getMe.json */ = {isa = PBXFileReference; fileEncoding = 4; lastKnownFileType = text.json; path = getMe.json; sourceTree = "<group>"; };
		B21C2DDC2C6574D900337E93 /* getPaymentMethods.json */ = {isa = PBXFileReference; fileEncoding = 4; lastKnownFileType = text.json; path = getPaymentMethods.json; sourceTree = "<group>"; };
		B21C2DDD2C6574D900337E93 /* getPriceEstimates.json */ = {isa = PBXFileReference; fileEncoding = 4; lastKnownFileType = text.json; path = getPriceEstimates.json; sourceTree = "<group>"; };
		B21C2DDE2C6574D900337E93 /* getPriceEstimatesEmpty.json */ = {isa = PBXFileReference; fileEncoding = 4; lastKnownFileType = text.json; path = getPriceEstimatesEmpty.json; sourceTree = "<group>"; };
		B21C2DDF2C6574D900337E93 /* getProductID.json */ = {isa = PBXFileReference; fileEncoding = 4; lastKnownFileType = text.json; path = getProductID.json; sourceTree = "<group>"; };
		B21C2DE02C6574D900337E93 /* getProducts.json */ = {isa = PBXFileReference; fileEncoding = 4; lastKnownFileType = text.json; path = getProducts.json; sourceTree = "<group>"; };
		B21C2DE12C6574D900337E93 /* getRequestAccepted.json */ = {isa = PBXFileReference; fileEncoding = 4; lastKnownFileType = text.json; path = getRequestAccepted.json; sourceTree = "<group>"; };
		B21C2DE22C6574D900337E93 /* getRequestArriving.json */ = {isa = PBXFileReference; fileEncoding = 4; lastKnownFileType = text.json; path = getRequestArriving.json; sourceTree = "<group>"; };
		B21C2DE32C6574D900337E93 /* getRequestCompleted.json */ = {isa = PBXFileReference; fileEncoding = 4; lastKnownFileType = text.json; path = getRequestCompleted.json; sourceTree = "<group>"; };
		B21C2DE42C6574D900337E93 /* getRequestInProgress.json */ = {isa = PBXFileReference; fileEncoding = 4; lastKnownFileType = text.json; path = getRequestInProgress.json; sourceTree = "<group>"; };
		B21C2DE52C6574D900337E93 /* getRequestProcessing.json */ = {isa = PBXFileReference; fileEncoding = 4; lastKnownFileType = text.json; path = getRequestProcessing.json; sourceTree = "<group>"; };
		B21C2DE62C6574D900337E93 /* getTimeEstimateProduct.json */ = {isa = PBXFileReference; fileEncoding = 4; lastKnownFileType = text.json; path = getTimeEstimateProduct.json; sourceTree = "<group>"; };
		B21C2DE72C6574D900337E93 /* getTimeEstimates.json */ = {isa = PBXFileReference; fileEncoding = 4; lastKnownFileType = text.json; path = getTimeEstimates.json; sourceTree = "<group>"; };
		B21C2DE82C6574D900337E93 /* getTimeEstimatesEmpty.json */ = {isa = PBXFileReference; fileEncoding = 4; lastKnownFileType = text.json; path = getTimeEstimatesEmpty.json; sourceTree = "<group>"; };
		B21C2DE92C6574D900337E93 /* place.json */ = {isa = PBXFileReference; fileEncoding = 4; lastKnownFileType = text.json; path = place.json; sourceTree = "<group>"; };
		B21C2DEA2C6574D900337E93 /* postRequests.json */ = {isa = PBXFileReference; fileEncoding = 4; lastKnownFileType = text.json; path = postRequests.json; sourceTree = "<group>"; };
		B21C2DEB2C6574D900337E93 /* refresh.json */ = {isa = PBXFileReference; fileEncoding = 4; lastKnownFileType = text.json; path = refresh.json; sourceTree = "<group>"; };
		B21C2DEC2C6574D900337E93 /* requestEstimate.json */ = {isa = PBXFileReference; fileEncoding = 4; lastKnownFileType = text.json; path = requestEstimate.json; sourceTree = "<group>"; };
		B21C2DED2C6574D900337E93 /* requestEstimateNoCars.json */ = {isa = PBXFileReference; fileEncoding = 4; lastKnownFileType = text.json; path = requestEstimateNoCars.json; sourceTree = "<group>"; };
		B21C2DEE2C6574D900337E93 /* requestEstimateNoUpfront.json */ = {isa = PBXFileReference; fileEncoding = 4; lastKnownFileType = text.json; path = requestEstimateNoUpfront.json; sourceTree = "<group>"; };
		B21C2DEF2C6574D900337E93 /* rideMap.json */ = {isa = PBXFileReference; fileEncoding = 4; lastKnownFileType = text.json; path = rideMap.json; sourceTree = "<group>"; };
		B21C2DF02C6574D900337E93 /* rideReceipt.json */ = {isa = PBXFileReference; fileEncoding = 4; lastKnownFileType = text.json; path = rideReceipt.json; sourceTree = "<group>"; };
		B21C2DF32C6574D900337E93 /* APIManagerTests.swift */ = {isa = PBXFileReference; fileEncoding = 4; lastKnownFileType = sourcecode.swift; path = APIManagerTests.swift; sourceTree = "<group>"; };
		B21C2DF42C6574D900337E93 /* DeeplinkRequestingBehaviorTests.swift */ = {isa = PBXFileReference; fileEncoding = 4; lastKnownFileType = sourcecode.swift; path = DeeplinkRequestingBehaviorTests.swift; sourceTree = "<group>"; };
		B21C2DF52C6574D900337E93 /* ModalViewControllerTests.swift */ = {isa = PBXFileReference; fileEncoding = 4; lastKnownFileType = sourcecode.swift; path = ModalViewControllerTests.swift; sourceTree = "<group>"; };
		B21C2DF62C6574D900337E93 /* ObjectMappingTests.swift */ = {isa = PBXFileReference; fileEncoding = 4; lastKnownFileType = sourcecode.swift; path = ObjectMappingTests.swift; sourceTree = "<group>"; };
		B21C2DF72C6574D900337E93 /* RequestButtonTests.swift */ = {isa = PBXFileReference; fileEncoding = 4; lastKnownFileType = sourcecode.swift; path = RequestButtonTests.swift; sourceTree = "<group>"; };
		B21C2DF82C6574D900337E93 /* RequestDeeplinkTests.swift */ = {isa = PBXFileReference; fileEncoding = 4; lastKnownFileType = sourcecode.swift; path = RequestDeeplinkTests.swift; sourceTree = "<group>"; };
		B21C2DF92C6574D900337E93 /* RequestLayerTests.swift */ = {isa = PBXFileReference; fileEncoding = 4; lastKnownFileType = sourcecode.swift; path = RequestLayerTests.swift; sourceTree = "<group>"; };
		B21C2DFA2C6574D900337E93 /* RequestURLUtilTests.swift */ = {isa = PBXFileReference; fileEncoding = 4; lastKnownFileType = sourcecode.swift; path = RequestURLUtilTests.swift; sourceTree = "<group>"; };
		B21C2DFB2C6574D900337E93 /* RideParametersTest.swift */ = {isa = PBXFileReference; fileEncoding = 4; lastKnownFileType = sourcecode.swift; path = RideParametersTest.swift; sourceTree = "<group>"; };
		B21C2DFC2C6574D900337E93 /* RideRequestViewControllerTests.swift */ = {isa = PBXFileReference; fileEncoding = 4; lastKnownFileType = sourcecode.swift; path = RideRequestViewControllerTests.swift; sourceTree = "<group>"; };
		B21C2DFD2C6574D900337E93 /* RideRequestViewErrorFactoryTests.swift */ = {isa = PBXFileReference; fileEncoding = 4; lastKnownFileType = sourcecode.swift; path = RideRequestViewErrorFactoryTests.swift; sourceTree = "<group>"; };
		B21C2DFE2C6574D900337E93 /* RideRequestViewRequestingBehaviorTests.swift */ = {isa = PBXFileReference; fileEncoding = 4; lastKnownFileType = sourcecode.swift; path = RideRequestViewRequestingBehaviorTests.swift; sourceTree = "<group>"; };
		B21C2DFF2C6574D900337E93 /* RideRequestViewTests.swift */ = {isa = PBXFileReference; fileEncoding = 4; lastKnownFileType = sourcecode.swift; path = RideRequestViewTests.swift; sourceTree = "<group>"; };
		B21C2E002C6574D900337E93 /* RidesAuthenticationErrorFactoryTests.swift */ = {isa = PBXFileReference; fileEncoding = 4; lastKnownFileType = sourcecode.swift; path = RidesAuthenticationErrorFactoryTests.swift; sourceTree = "<group>"; };
		B21C2E012C6574D900337E93 /* RidesClientTests.swift */ = {isa = PBXFileReference; fileEncoding = 4; lastKnownFileType = sourcecode.swift; path = RidesClientTests.swift; sourceTree = "<group>"; };
		B21C2E022C6574D900337E93 /* RidesMocks.swift */ = {isa = PBXFileReference; fileEncoding = 4; lastKnownFileType = sourcecode.swift; path = RidesMocks.swift; sourceTree = "<group>"; };
		B21C2E032C6574D900337E93 /* RidesScopeExtensionsTests.swift */ = {isa = PBXFileReference; fileEncoding = 4; lastKnownFileType = sourcecode.swift; path = RidesScopeExtensionsTests.swift; sourceTree = "<group>"; };
		B21C2E042C6574D900337E93 /* URLComponentsExtensionsTests.swift */ = {isa = PBXFileReference; fileEncoding = 4; lastKnownFileType = sourcecode.swift; path = URLComponentsExtensionsTests.swift; sourceTree = "<group>"; };
		B21C2E052C6574D900337E93 /* WidgetsEndpointTests.swift */ = {isa = PBXFileReference; fileEncoding = 4; lastKnownFileType = sourcecode.swift; path = WidgetsEndpointTests.swift; sourceTree = "<group>"; };
		B21C2E352C6581C900337E93 /* testInfo.plist */ = {isa = PBXFileReference; lastKnownFileType = text.plist.xml; path = testInfo.plist; sourceTree = "<group>"; };
		B21C2E3A2C65846F00337E93 /* testInfoNoServerToken.plist */ = {isa = PBXFileReference; fileEncoding = 4; lastKnownFileType = text.plist.xml; path = testInfoNoServerToken.plist; sourceTree = "<group>"; };
		B21E42772BE2FF6500D9C5E1 /* KeychainUtilityTests.swift */ = {isa = PBXFileReference; lastKnownFileType = sourcecode.swift; path = KeychainUtilityTests.swift; sourceTree = "<group>"; };
		B243DF562BFE474C0086160C /* UberSDK.entitlements */ = {isa = PBXFileReference; lastKnownFileType = text.plist.entitlements; path = UberSDK.entitlements; sourceTree = "<group>"; };
		B25D30892BD03F50008A67CF /* UberButtonView.swift */ = {isa = PBXFileReference; lastKnownFileType = sourcecode.swift; path = UberButtonView.swift; sourceTree = "<group>"; };
		B28217C72B97A2E400EE786D /* AuthManagerTests.swift */ = {isa = PBXFileReference; lastKnownFileType = sourcecode.swift; path = AuthManagerTests.swift; sourceTree = "<group>"; };
		B28A41702BACA97000F727C7 /* AuthorizationCodeResponseParserTests.swift */ = {isa = PBXFileReference; lastKnownFileType = sourcecode.swift; path = AuthorizationCodeResponseParserTests.swift; sourceTree = "<group>"; };
		B28A41742BAE331300F727C7 /* ParRequestTests.swift */ = {isa = PBXFileReference; lastKnownFileType = sourcecode.swift; path = ParRequestTests.swift; sourceTree = "<group>"; };
		B28CDD312BA403A900EB1BBD /* AuthorizationCodeAuthProviderTests.swift */ = {isa = PBXFileReference; lastKnownFileType = sourcecode.swift; path = AuthorizationCodeAuthProviderTests.swift; sourceTree = "<group>"; };
		B28CDD332BA4BE2100EB1BBD /* RequestTests.swift */ = {isa = PBXFileReference; lastKnownFileType = sourcecode.swift; path = RequestTests.swift; sourceTree = "<group>"; };
		B28CDD352BA4C6CA00EB1BBD /* AuthorizeRequestTests.swift */ = {isa = PBXFileReference; lastKnownFileType = sourcecode.swift; path = AuthorizeRequestTests.swift; sourceTree = "<group>"; };
		B29303D62B891D3E00D28BAA /* SelectionView.swift */ = {isa = PBXFileReference; lastKnownFileType = sourcecode.swift; path = SelectionView.swift; sourceTree = "<group>"; };
		B29303D82B89408D00D28BAA /* Helpers.swift */ = {isa = PBXFileReference; lastKnownFileType = sourcecode.swift; path = Helpers.swift; sourceTree = "<group>"; };
		B2983AE42BCF15FF00159EA7 /* TokenManagerTests.swift */ = {isa = PBXFileReference; lastKnownFileType = sourcecode.swift; path = TokenManagerTests.swift; sourceTree = "<group>"; };
		B2983AE82BCF663100159EA7 /* Mocks.swift */ = {isa = PBXFileReference; fileEncoding = 4; lastKnownFileType = sourcecode.swift; path = Mocks.swift; sourceTree = "<group>"; };
		B2D096942B97C4A00093B510 /* UberAuthErrorTests.swift */ = {isa = PBXFileReference; lastKnownFileType = sourcecode.swift; path = UberAuthErrorTests.swift; sourceTree = "<group>"; };
		B2D096982B9800020093B510 /* Info.plist */ = {isa = PBXFileReference; lastKnownFileType = text.plist; path = Info.plist; sourceTree = "<group>"; };
		B2D096992B98012A0093B510 /* SelectionOptions.swift */ = {isa = PBXFileReference; fileEncoding = 4; lastKnownFileType = sourcecode.swift; path = SelectionOptions.swift; sourceTree = "<group>"; };
		B2D7AE192B979EDA007F03FB /* UberSDK.app */ = {isa = PBXFileReference; explicitFileType = wrapper.application; includeInIndex = 0; path = UberSDK.app; sourceTree = BUILT_PRODUCTS_DIR; };
		B2D7AE1B2B979EDA007F03FB /* UberSDKApp.swift */ = {isa = PBXFileReference; lastKnownFileType = sourcecode.swift; path = UberSDKApp.swift; sourceTree = "<group>"; };
		B2D7AE1D2B979EDA007F03FB /* ContentView.swift */ = {isa = PBXFileReference; lastKnownFileType = sourcecode.swift; path = ContentView.swift; sourceTree = "<group>"; };
		B2D7AE1F2B979EDB007F03FB /* Assets.xcassets */ = {isa = PBXFileReference; lastKnownFileType = folder.assetcatalog; path = Assets.xcassets; sourceTree = "<group>"; };
		B2D7AE222B979EDB007F03FB /* Preview Assets.xcassets */ = {isa = PBXFileReference; lastKnownFileType = folder.assetcatalog; path = "Preview Assets.xcassets"; sourceTree = "<group>"; };
		B2D7AE282B979EDB007F03FB /* UberSDKTests.xctest */ = {isa = PBXFileReference; explicitFileType = wrapper.cfbundle; includeInIndex = 0; path = UberSDKTests.xctest; sourceTree = BUILT_PRODUCTS_DIR; };
/* End PBXFileReference section */

/* Begin PBXFrameworksBuildPhase section */
		B2D7AE162B979EDA007F03FB /* Frameworks */ = {
			isa = PBXFrameworksBuildPhase;
			buildActionMask = 2147483647;
			files = (
				B2D7AE442B979F4E007F03FB /* UberAuth in Frameworks */,
				B2D7AE482B979F4E007F03FB /* UberRides in Frameworks */,
				B2D7AE462B979F4E007F03FB /* UberCore in Frameworks */,
			);
			runOnlyForDeploymentPostprocessing = 0;
		};
		B2D7AE252B979EDB007F03FB /* Frameworks */ = {
			isa = PBXFrameworksBuildPhase;
			buildActionMask = 2147483647;
			files = (
				B21C2E342C6574FD00337E93 /* OHHTTPStubsSwift in Frameworks */,
			);
			runOnlyForDeploymentPostprocessing = 0;
		};
/* End PBXFrameworksBuildPhase section */

/* Begin PBXGroup section */
		B21C2DF22C6574D900337E93 /* TestData */ = {
			isa = PBXGroup;
			children = (
				B21C2DDA2C6574D900337E93 /* getHistory.json */,
				B21C2DDB2C6574D900337E93 /* getMe.json */,
				B21C2DDC2C6574D900337E93 /* getPaymentMethods.json */,
				B21C2DDD2C6574D900337E93 /* getPriceEstimates.json */,
				B21C2DDE2C6574D900337E93 /* getPriceEstimatesEmpty.json */,
				B21C2DDF2C6574D900337E93 /* getProductID.json */,
				B21C2DE02C6574D900337E93 /* getProducts.json */,
				B21C2DE12C6574D900337E93 /* getRequestAccepted.json */,
				B21C2DE22C6574D900337E93 /* getRequestArriving.json */,
				B21C2DE32C6574D900337E93 /* getRequestCompleted.json */,
				B21C2DE42C6574D900337E93 /* getRequestInProgress.json */,
				B21C2DE52C6574D900337E93 /* getRequestProcessing.json */,
				B21C2DE62C6574D900337E93 /* getTimeEstimateProduct.json */,
				B21C2DE72C6574D900337E93 /* getTimeEstimates.json */,
				B21C2DE82C6574D900337E93 /* getTimeEstimatesEmpty.json */,
				B21C2DE92C6574D900337E93 /* place.json */,
				B21C2DEA2C6574D900337E93 /* postRequests.json */,
				B21C2DEB2C6574D900337E93 /* refresh.json */,
				B21C2DEC2C6574D900337E93 /* requestEstimate.json */,
				B21C2DED2C6574D900337E93 /* requestEstimateNoCars.json */,
				B21C2DEE2C6574D900337E93 /* requestEstimateNoUpfront.json */,
				B21C2DEF2C6574D900337E93 /* rideMap.json */,
				B21C2DF02C6574D900337E93 /* rideReceipt.json */,
			);
			path = TestData;
			sourceTree = "<group>";
		};
		B21C2E062C6574D900337E93 /* UberRides */ = {
			isa = PBXGroup;
			children = (
				B21C2DF22C6574D900337E93 /* TestData */,
				B21C2DF32C6574D900337E93 /* APIManagerTests.swift */,
				B21C2DF42C6574D900337E93 /* DeeplinkRequestingBehaviorTests.swift */,
				B21C2DF52C6574D900337E93 /* ModalViewControllerTests.swift */,
				B21C2DF62C6574D900337E93 /* ObjectMappingTests.swift */,
				B21C2DF72C6574D900337E93 /* RequestButtonTests.swift */,
				B21C2DF82C6574D900337E93 /* RequestDeeplinkTests.swift */,
				B21C2DF92C6574D900337E93 /* RequestLayerTests.swift */,
				B21C2DFA2C6574D900337E93 /* RequestURLUtilTests.swift */,
				B21C2DFB2C6574D900337E93 /* RideParametersTest.swift */,
				B21C2DFC2C6574D900337E93 /* RideRequestViewControllerTests.swift */,
				B21C2DFD2C6574D900337E93 /* RideRequestViewErrorFactoryTests.swift */,
				B21C2DFE2C6574D900337E93 /* RideRequestViewRequestingBehaviorTests.swift */,
				B21C2DFF2C6574D900337E93 /* RideRequestViewTests.swift */,
				B21C2E002C6574D900337E93 /* RidesAuthenticationErrorFactoryTests.swift */,
				B21C2E012C6574D900337E93 /* RidesClientTests.swift */,
				B21C2E022C6574D900337E93 /* RidesMocks.swift */,
				B21C2E032C6574D900337E93 /* RidesScopeExtensionsTests.swift */,
				B21C2E042C6574D900337E93 /* URLComponentsExtensionsTests.swift */,
				B21C2E052C6574D900337E93 /* WidgetsEndpointTests.swift */,
			);
			path = UberRides;
			sourceTree = "<group>";
		};
		B28217C62B97A2CE00EE786D /* UberAuth */ = {
			isa = PBXGroup;
			children = (
				B28217C72B97A2E400EE786D /* AuthManagerTests.swift */,
				B28CDD312BA403A900EB1BBD /* AuthorizationCodeAuthProviderTests.swift */,
				B28CDD352BA4C6CA00EB1BBD /* AuthorizeRequestTests.swift */,
				B28A41742BAE331300F727C7 /* ParRequestTests.swift */,
				B28A41702BACA97000F727C7 /* AuthorizationCodeResponseParserTests.swift */,
				B28CDD332BA4BE2100EB1BBD /* RequestTests.swift */,
				B2D096942B97C4A00093B510 /* UberAuthErrorTests.swift */,
			);
			path = UberAuth;
			sourceTree = "<group>";
		};
		B29303992B89113F00D28BAA = {
			isa = PBXGroup;
			children = (
				B21C2DCC2C656BFC00337E93 /* UberSDK.xctestplan */,
				B2D7AE1A2B979EDA007F03FB /* UberSDK */,
				B2D7AE2B2B979EDB007F03FB /* UberSDKTests */,
				B29303A32B89113F00D28BAA /* Products */,
			);
			sourceTree = "<group>";
		};
		B29303A32B89113F00D28BAA /* Products */ = {
			isa = PBXGroup;
			children = (
				B2D7AE192B979EDA007F03FB /* UberSDK.app */,
				B2D7AE282B979EDB007F03FB /* UberSDKTests.xctest */,
			);
			name = Products;
			sourceTree = "<group>";
		};
		B2983AE72BCF658E00159EA7 /* UberCore */ = {
			isa = PBXGroup;
			children = (
				B21C2DD72C6574D300337E93 /* BaseDeeplinkTests.swift */,
				B21C2DD62C6574D300337E93 /* DeeplinkManagerTests.swift */,
				B2983AE42BCF15FF00159EA7 /* TokenManagerTests.swift */,
				B21E42772BE2FF6500D9C5E1 /* KeychainUtilityTests.swift */,
			);
			path = UberCore;
			sourceTree = "<group>";
		};
		B2D096912B97B8E70093B510 /* Mocks */ = {
			isa = PBXGroup;
			children = (
				B2983AE82BCF663100159EA7 /* Mocks.swift */,
			);
			path = Mocks;
			sourceTree = "<group>";
		};
		B2D7AE1A2B979EDA007F03FB /* UberSDK */ = {
			isa = PBXGroup;
			children = (
				B243DF562BFE474C0086160C /* UberSDK.entitlements */,
				B2D096982B9800020093B510 /* Info.plist */,
				B2D7AE1B2B979EDA007F03FB /* UberSDKApp.swift */,
				B29303D62B891D3E00D28BAA /* SelectionView.swift */,
				B29303D82B89408D00D28BAA /* Helpers.swift */,
				B2D7AE1D2B979EDA007F03FB /* ContentView.swift */,
				B206A5612C6BEF6400F51AB0 /* AuthResponseView.swift */,
				B25D30892BD03F50008A67CF /* UberButtonView.swift */,
				B2D096992B98012A0093B510 /* SelectionOptions.swift */,
				B2D7AE1F2B979EDB007F03FB /* Assets.xcassets */,
				B2D7AE212B979EDB007F03FB /* Preview Content */,
			);
			path = UberSDK;
			sourceTree = "<group>";
		};
		B2D7AE212B979EDB007F03FB /* Preview Content */ = {
			isa = PBXGroup;
			children = (
				B2D7AE222B979EDB007F03FB /* Preview Assets.xcassets */,
			);
			path = "Preview Content";
			sourceTree = "<group>";
		};
		B2D7AE2B2B979EDB007F03FB /* UberSDKTests */ = {
			isa = PBXGroup;
			children = (
				B21C2E352C6581C900337E93 /* testInfo.plist */,
				B21C2E3A2C65846F00337E93 /* testInfoNoServerToken.plist */,
				B21C2E062C6574D900337E93 /* UberRides */,
				B2D096912B97B8E70093B510 /* Mocks */,
				B2983AE72BCF658E00159EA7 /* UberCore */,
				B28217C62B97A2CE00EE786D /* UberAuth */,
			);
			path = UberSDKTests;
			sourceTree = "<group>";
		};
/* End PBXGroup section */

/* Begin PBXNativeTarget section */
		B2D7AE182B979EDA007F03FB /* UberSDK */ = {
			isa = PBXNativeTarget;
			buildConfigurationList = B2D7AE3A2B979EDB007F03FB /* Build configuration list for PBXNativeTarget "UberSDK" */;
			buildPhases = (
				B2D7AE152B979EDA007F03FB /* Sources */,
				B2D7AE162B979EDA007F03FB /* Frameworks */,
				B2D7AE172B979EDA007F03FB /* Resources */,
			);
			buildRules = (
			);
			dependencies = (
			);
			name = UberSDK;
			packageProductDependencies = (
				B2D7AE432B979F4E007F03FB /* UberAuth */,
				B2D7AE452B979F4E007F03FB /* UberCore */,
				B2D7AE472B979F4E007F03FB /* UberRides */,
			);
			productName = UberSDK;
			productReference = B2D7AE192B979EDA007F03FB /* UberSDK.app */;
			productType = "com.apple.product-type.application";
		};
		B2D7AE272B979EDB007F03FB /* UberSDKTests */ = {
			isa = PBXNativeTarget;
			buildConfigurationList = B2D7AE3D2B979EDB007F03FB /* Build configuration list for PBXNativeTarget "UberSDKTests" */;
			buildPhases = (
				B2D7AE242B979EDB007F03FB /* Sources */,
				B2D7AE252B979EDB007F03FB /* Frameworks */,
				B2D7AE262B979EDB007F03FB /* Resources */,
			);
			buildRules = (
			);
			dependencies = (
				B2D7AE2A2B979EDB007F03FB /* PBXTargetDependency */,
			);
			name = UberSDKTests;
			packageProductDependencies = (
				B21C2E332C6574FD00337E93 /* OHHTTPStubsSwift */,
			);
			productName = UberSDKTests;
			productReference = B2D7AE282B979EDB007F03FB /* UberSDKTests.xctest */;
			productType = "com.apple.product-type.bundle.unit-test";
		};
/* End PBXNativeTarget section */

/* Begin PBXProject section */
		B293039A2B89113F00D28BAA /* Project object */ = {
			isa = PBXProject;
			attributes = {
				BuildIndependentTargetsInParallel = 1;
				LastSwiftUpdateCheck = 1500;
				LastUpgradeCheck = 1500;
				TargetAttributes = {
					B2D7AE182B979EDA007F03FB = {
						CreatedOnToolsVersion = 15.0;
					};
					B2D7AE272B979EDB007F03FB = {
						CreatedOnToolsVersion = 15.0;
						TestTargetID = B2D7AE182B979EDA007F03FB;
					};
				};
			};
			buildConfigurationList = B293039D2B89113F00D28BAA /* Build configuration list for PBXProject "UberSDK" */;
			compatibilityVersion = "Xcode 14.0";
			developmentRegion = en;
			hasScannedForEncodings = 0;
			knownRegions = (
				en,
				Base,
			);
			mainGroup = B29303992B89113F00D28BAA;
			packageReferences = (
				B29303CF2B89115800D28BAA /* XCLocalSwiftPackageReference "../.." */,
				B21C2E322C6574FD00337E93 /* XCRemoteSwiftPackageReference "OHHTTPStubs" */,
			);
			productRefGroup = B29303A32B89113F00D28BAA /* Products */;
			projectDirPath = "";
			projectRoot = "";
			targets = (
				B2D7AE182B979EDA007F03FB /* UberSDK */,
				B2D7AE272B979EDB007F03FB /* UberSDKTests */,
			);
		};
/* End PBXProject section */

/* Begin PBXResourcesBuildPhase section */
		B2D7AE172B979EDA007F03FB /* Resources */ = {
			isa = PBXResourcesBuildPhase;
			buildActionMask = 2147483647;
			files = (
				B21C2E3D2C6585AA00337E93 /* testInfo.plist in Resources */,
				B21C2E3C2C6585A700337E93 /* testInfoNoServerToken.plist in Resources */,
				B2D7AE232B979EDB007F03FB /* Preview Assets.xcassets in Resources */,
				B2D7AE202B979EDB007F03FB /* Assets.xcassets in Resources */,
			);
			runOnlyForDeploymentPostprocessing = 0;
		};
		B2D7AE262B979EDB007F03FB /* Resources */ = {
			isa = PBXResourcesBuildPhase;
			buildActionMask = 2147483647;
			files = (
				B21C2E112C6574D900337E93 /* getRequestInProgress.json in Resources */,
				B21C2E1A2C6574D900337E93 /* requestEstimateNoCars.json in Resources */,
				B21C2E3B2C65846F00337E93 /* testInfoNoServerToken.plist in Resources */,
				B21C2E182C6574D900337E93 /* refresh.json in Resources */,
				B21C2E1B2C6574D900337E93 /* requestEstimateNoUpfront.json in Resources */,
				B21C2E1C2C6574D900337E93 /* rideMap.json in Resources */,
				B21C2E102C6574D900337E93 /* getRequestCompleted.json in Resources */,
				B21C2E0A2C6574D900337E93 /* getPriceEstimates.json in Resources */,
				B21C2E0E2C6574D900337E93 /* getRequestAccepted.json in Resources */,
				B21C2E192C6574D900337E93 /* requestEstimate.json in Resources */,
				B21C2E0D2C6574D900337E93 /* getProducts.json in Resources */,
				B21C2E0F2C6574D900337E93 /* getRequestArriving.json in Resources */,
				B21C2E0B2C6574D900337E93 /* getPriceEstimatesEmpty.json in Resources */,
				B21C2E162C6574D900337E93 /* place.json in Resources */,
				B21C2E1D2C6574D900337E93 /* rideReceipt.json in Resources */,
				B21C2E122C6574D900337E93 /* getRequestProcessing.json in Resources */,
				B21C2E132C6574D900337E93 /* getTimeEstimateProduct.json in Resources */,
				B21C2E172C6574D900337E93 /* postRequests.json in Resources */,
				B21C2E382C65826E00337E93 /* testInfo.plist in Resources */,
				B21C2E092C6574D900337E93 /* getPaymentMethods.json in Resources */,
				B21C2E152C6574D900337E93 /* getTimeEstimatesEmpty.json in Resources */,
				B21C2E082C6574D900337E93 /* getMe.json in Resources */,
				B21C2E072C6574D900337E93 /* getHistory.json in Resources */,
				B21C2E0C2C6574D900337E93 /* getProductID.json in Resources */,
				B21C2E142C6574D900337E93 /* getTimeEstimates.json in Resources */,
			);
			runOnlyForDeploymentPostprocessing = 0;
		};
/* End PBXResourcesBuildPhase section */

/* Begin PBXSourcesBuildPhase section */
		B2D7AE152B979EDA007F03FB /* Sources */ = {
			isa = PBXSourcesBuildPhase;
			buildActionMask = 2147483647;
			files = (
				B2D7AE1E2B979EDA007F03FB /* ContentView.swift in Sources */,
				B206A5622C6BEF6400F51AB0 /* AuthResponseView.swift in Sources */,
				B2D7AE1C2B979EDA007F03FB /* UberSDKApp.swift in Sources */,
				B2D7AE492B979F58007F03FB /* SelectionView.swift in Sources */,
				B2D0969A2B98012A0093B510 /* SelectionOptions.swift in Sources */,
				B2D7AE4A2B979F5D007F03FB /* Helpers.swift in Sources */,
				B25D308A2BD03F50008A67CF /* UberButtonView.swift in Sources */,
			);
			runOnlyForDeploymentPostprocessing = 0;
		};
		B2D7AE242B979EDB007F03FB /* Sources */ = {
			isa = PBXSourcesBuildPhase;
			buildActionMask = 2147483647;
			files = (
				B21C2E252C6574D900337E93 /* RequestLayerTests.swift in Sources */,
				B21C2E2A2C6574D900337E93 /* RideRequestViewRequestingBehaviorTests.swift in Sources */,
				B21C2E232C6574D900337E93 /* RequestButtonTests.swift in Sources */,
				B21C2E2E2C6574D900337E93 /* RidesMocks.swift in Sources */,
				B21C2E202C6574D900337E93 /* DeeplinkRequestingBehaviorTests.swift in Sources */,
				B21E42782BE2FF6500D9C5E1 /* KeychainUtilityTests.swift in Sources */,
				B28CDD342BA4BE2100EB1BBD /* RequestTests.swift in Sources */,
				B2D096952B97C4A00093B510 /* UberAuthErrorTests.swift in Sources */,
				B21C2E312C6574D900337E93 /* WidgetsEndpointTests.swift in Sources */,
				B21C2E212C6574D900337E93 /* ModalViewControllerTests.swift in Sources */,
				B21C2E2F2C6574D900337E93 /* RidesScopeExtensionsTests.swift in Sources */,
				B28217C82B97A2E400EE786D /* AuthManagerTests.swift in Sources */,
				B21C2E2D2C6574D900337E93 /* RidesClientTests.swift in Sources */,
				B28CDD362BA4C6CA00EB1BBD /* AuthorizeRequestTests.swift in Sources */,
				B21C2E1F2C6574D900337E93 /* APIManagerTests.swift in Sources */,
				B21C2E282C6574D900337E93 /* RideRequestViewControllerTests.swift in Sources */,
				B21C2E292C6574D900337E93 /* RideRequestViewErrorFactoryTests.swift in Sources */,
				B21C2E2B2C6574D900337E93 /* RideRequestViewTests.swift in Sources */,
				B21C2E242C6574D900337E93 /* RequestDeeplinkTests.swift in Sources */,
				B21C2E2C2C6574D900337E93 /* RidesAuthenticationErrorFactoryTests.swift in Sources */,
				B21C2E302C6574D900337E93 /* URLComponentsExtensionsTests.swift in Sources */,
				B21C2E272C6574D900337E93 /* RideParametersTest.swift in Sources */,
				B28A41752BAE331300F727C7 /* ParRequestTests.swift in Sources */,
				B21C2E222C6574D900337E93 /* ObjectMappingTests.swift in Sources */,
				B21C2E262C6574D900337E93 /* RequestURLUtilTests.swift in Sources */,
				B28CDD322BA403A900EB1BBD /* AuthorizationCodeAuthProviderTests.swift in Sources */,
				B21C2DD82C6574D300337E93 /* DeeplinkManagerTests.swift in Sources */,
				B21C2DD92C6574D300337E93 /* BaseDeeplinkTests.swift in Sources */,
				B28A41712BACA97000F727C7 /* AuthorizationCodeResponseParserTests.swift in Sources */,
				B2983AE52BCF15FF00159EA7 /* TokenManagerTests.swift in Sources */,
				B2983AE92BCF663100159EA7 /* Mocks.swift in Sources */,
			);
			runOnlyForDeploymentPostprocessing = 0;
		};
/* End PBXSourcesBuildPhase section */

/* Begin PBXTargetDependency section */
		B2D7AE2A2B979EDB007F03FB /* PBXTargetDependency */ = {
			isa = PBXTargetDependency;
			target = B2D7AE182B979EDA007F03FB /* UberSDK */;
			targetProxy = B2D7AE292B979EDB007F03FB /* PBXContainerItemProxy */;
		};
/* End PBXTargetDependency section */

/* Begin XCBuildConfiguration section */
		B29303C42B89114000D28BAA /* Debug */ = {
			isa = XCBuildConfiguration;
			buildSettings = {
				ALWAYS_SEARCH_USER_PATHS = NO;
				ASSETCATALOG_COMPILER_GENERATE_SWIFT_ASSET_SYMBOL_EXTENSIONS = YES;
				CLANG_ANALYZER_NONNULL = YES;
				CLANG_ANALYZER_NUMBER_OBJECT_CONVERSION = YES_AGGRESSIVE;
				CLANG_CXX_LANGUAGE_STANDARD = "gnu++20";
				CLANG_ENABLE_MODULES = YES;
				CLANG_ENABLE_OBJC_ARC = YES;
				CLANG_ENABLE_OBJC_WEAK = YES;
				CLANG_WARN_BLOCK_CAPTURE_AUTORELEASING = YES;
				CLANG_WARN_BOOL_CONVERSION = YES;
				CLANG_WARN_COMMA = YES;
				CLANG_WARN_CONSTANT_CONVERSION = YES;
				CLANG_WARN_DEPRECATED_OBJC_IMPLEMENTATIONS = YES;
				CLANG_WARN_DIRECT_OBJC_ISA_USAGE = YES_ERROR;
				CLANG_WARN_DOCUMENTATION_COMMENTS = YES;
				CLANG_WARN_EMPTY_BODY = YES;
				CLANG_WARN_ENUM_CONVERSION = YES;
				CLANG_WARN_INFINITE_RECURSION = YES;
				CLANG_WARN_INT_CONVERSION = YES;
				CLANG_WARN_NON_LITERAL_NULL_CONVERSION = YES;
				CLANG_WARN_OBJC_IMPLICIT_RETAIN_SELF = YES;
				CLANG_WARN_OBJC_LITERAL_CONVERSION = YES;
				CLANG_WARN_OBJC_ROOT_CLASS = YES_ERROR;
				CLANG_WARN_QUOTED_INCLUDE_IN_FRAMEWORK_HEADER = YES;
				CLANG_WARN_RANGE_LOOP_ANALYSIS = YES;
				CLANG_WARN_STRICT_PROTOTYPES = YES;
				CLANG_WARN_SUSPICIOUS_MOVE = YES;
				CLANG_WARN_UNGUARDED_AVAILABILITY = YES_AGGRESSIVE;
				CLANG_WARN_UNREACHABLE_CODE = YES;
				CLANG_WARN__DUPLICATE_METHOD_MATCH = YES;
				COPY_PHASE_STRIP = NO;
				DEBUG_INFORMATION_FORMAT = dwarf;
				ENABLE_STRICT_OBJC_MSGSEND = YES;
				ENABLE_TESTABILITY = YES;
				ENABLE_USER_SCRIPT_SANDBOXING = YES;
				GCC_C_LANGUAGE_STANDARD = gnu17;
				GCC_DYNAMIC_NO_PIC = NO;
				GCC_NO_COMMON_BLOCKS = YES;
				GCC_OPTIMIZATION_LEVEL = 0;
				GCC_PREPROCESSOR_DEFINITIONS = (
					"DEBUG=1",
					"$(inherited)",
				);
				GCC_WARN_64_TO_32_BIT_CONVERSION = YES;
				GCC_WARN_ABOUT_RETURN_TYPE = YES_ERROR;
				GCC_WARN_UNDECLARED_SELECTOR = YES;
				GCC_WARN_UNINITIALIZED_AUTOS = YES_AGGRESSIVE;
				GCC_WARN_UNUSED_FUNCTION = YES;
				GCC_WARN_UNUSED_VARIABLE = YES;
				IPHONEOS_DEPLOYMENT_TARGET = 17.0;
				LOCALIZATION_PREFERS_STRING_CATALOGS = YES;
				MTL_ENABLE_DEBUG_INFO = INCLUDE_SOURCE;
				MTL_FAST_MATH = YES;
				ONLY_ACTIVE_ARCH = YES;
				SDKROOT = iphoneos;
				SWIFT_ACTIVE_COMPILATION_CONDITIONS = "DEBUG $(inherited)";
				SWIFT_OPTIMIZATION_LEVEL = "-Onone";
			};
			name = Debug;
		};
		B29303C52B89114000D28BAA /* Release */ = {
			isa = XCBuildConfiguration;
			buildSettings = {
				ALWAYS_SEARCH_USER_PATHS = NO;
				ASSETCATALOG_COMPILER_GENERATE_SWIFT_ASSET_SYMBOL_EXTENSIONS = YES;
				CLANG_ANALYZER_NONNULL = YES;
				CLANG_ANALYZER_NUMBER_OBJECT_CONVERSION = YES_AGGRESSIVE;
				CLANG_CXX_LANGUAGE_STANDARD = "gnu++20";
				CLANG_ENABLE_MODULES = YES;
				CLANG_ENABLE_OBJC_ARC = YES;
				CLANG_ENABLE_OBJC_WEAK = YES;
				CLANG_WARN_BLOCK_CAPTURE_AUTORELEASING = YES;
				CLANG_WARN_BOOL_CONVERSION = YES;
				CLANG_WARN_COMMA = YES;
				CLANG_WARN_CONSTANT_CONVERSION = YES;
				CLANG_WARN_DEPRECATED_OBJC_IMPLEMENTATIONS = YES;
				CLANG_WARN_DIRECT_OBJC_ISA_USAGE = YES_ERROR;
				CLANG_WARN_DOCUMENTATION_COMMENTS = YES;
				CLANG_WARN_EMPTY_BODY = YES;
				CLANG_WARN_ENUM_CONVERSION = YES;
				CLANG_WARN_INFINITE_RECURSION = YES;
				CLANG_WARN_INT_CONVERSION = YES;
				CLANG_WARN_NON_LITERAL_NULL_CONVERSION = YES;
				CLANG_WARN_OBJC_IMPLICIT_RETAIN_SELF = YES;
				CLANG_WARN_OBJC_LITERAL_CONVERSION = YES;
				CLANG_WARN_OBJC_ROOT_CLASS = YES_ERROR;
				CLANG_WARN_QUOTED_INCLUDE_IN_FRAMEWORK_HEADER = YES;
				CLANG_WARN_RANGE_LOOP_ANALYSIS = YES;
				CLANG_WARN_STRICT_PROTOTYPES = YES;
				CLANG_WARN_SUSPICIOUS_MOVE = YES;
				CLANG_WARN_UNGUARDED_AVAILABILITY = YES_AGGRESSIVE;
				CLANG_WARN_UNREACHABLE_CODE = YES;
				CLANG_WARN__DUPLICATE_METHOD_MATCH = YES;
				COPY_PHASE_STRIP = NO;
				DEBUG_INFORMATION_FORMAT = "dwarf-with-dsym";
				ENABLE_NS_ASSERTIONS = NO;
				ENABLE_STRICT_OBJC_MSGSEND = YES;
				ENABLE_USER_SCRIPT_SANDBOXING = YES;
				GCC_C_LANGUAGE_STANDARD = gnu17;
				GCC_NO_COMMON_BLOCKS = YES;
				GCC_WARN_64_TO_32_BIT_CONVERSION = YES;
				GCC_WARN_ABOUT_RETURN_TYPE = YES_ERROR;
				GCC_WARN_UNDECLARED_SELECTOR = YES;
				GCC_WARN_UNINITIALIZED_AUTOS = YES_AGGRESSIVE;
				GCC_WARN_UNUSED_FUNCTION = YES;
				GCC_WARN_UNUSED_VARIABLE = YES;
				IPHONEOS_DEPLOYMENT_TARGET = 17.0;
				LOCALIZATION_PREFERS_STRING_CATALOGS = YES;
				MTL_ENABLE_DEBUG_INFO = NO;
				MTL_FAST_MATH = YES;
				SDKROOT = iphoneos;
				SWIFT_COMPILATION_MODE = wholemodule;
				VALIDATE_PRODUCT = YES;
			};
			name = Release;
		};
		B2D7AE3B2B979EDB007F03FB /* Debug */ = {
			isa = XCBuildConfiguration;
			buildSettings = {
				ASSETCATALOG_COMPILER_APPICON_NAME = AppIcon;
				ASSETCATALOG_COMPILER_GLOBAL_ACCENT_COLOR_NAME = AccentColor;
				CODE_SIGN_ENTITLEMENTS = UberSDK/UberSDK.entitlements;
				CODE_SIGN_STYLE = Automatic;
				CURRENT_PROJECT_VERSION = 1;
				DEVELOPMENT_ASSET_PATHS = "\"UberSDK/Preview Content\"";
				DEVELOPMENT_TEAM = 5F83KRY2FH;
				ENABLE_PREVIEWS = YES;
				GENERATE_INFOPLIST_FILE = YES;
				INFOPLIST_FILE = UberSDK/Info.plist;
				INFOPLIST_KEY_UIApplicationSceneManifest_Generation = YES;
				INFOPLIST_KEY_UIApplicationSupportsIndirectInputEvents = YES;
				INFOPLIST_KEY_UILaunchScreen_Generation = YES;
				INFOPLIST_KEY_UISupportedInterfaceOrientations_iPad = "UIInterfaceOrientationPortrait UIInterfaceOrientationPortraitUpsideDown UIInterfaceOrientationLandscapeLeft UIInterfaceOrientationLandscapeRight";
				INFOPLIST_KEY_UISupportedInterfaceOrientations_iPhone = "UIInterfaceOrientationPortrait UIInterfaceOrientationLandscapeLeft UIInterfaceOrientationLandscapeRight";
				IPHONEOS_DEPLOYMENT_TARGET = 17.0;
				LD_RUNPATH_SEARCH_PATHS = (
					"$(inherited)",
					"@executable_path/Frameworks",
				);
				MARKETING_VERSION = 1.0;
				PRODUCT_BUNDLE_IDENTIFIER = com.uber.UberSDK;
				PRODUCT_NAME = "$(TARGET_NAME)";
				SWIFT_EMIT_LOC_STRINGS = YES;
				SWIFT_VERSION = 5.0;
				TARGETED_DEVICE_FAMILY = "1,2";
			};
			name = Debug;
		};
		B2D7AE3C2B979EDB007F03FB /* Release */ = {
			isa = XCBuildConfiguration;
			buildSettings = {
				ASSETCATALOG_COMPILER_APPICON_NAME = AppIcon;
				ASSETCATALOG_COMPILER_GLOBAL_ACCENT_COLOR_NAME = AccentColor;
				CODE_SIGN_ENTITLEMENTS = UberSDK/UberSDK.entitlements;
				CODE_SIGN_STYLE = Automatic;
				CURRENT_PROJECT_VERSION = 1;
				DEVELOPMENT_ASSET_PATHS = "\"UberSDK/Preview Content\"";
				DEVELOPMENT_TEAM = 5F83KRY2FH;
				ENABLE_PREVIEWS = YES;
				GENERATE_INFOPLIST_FILE = YES;
				INFOPLIST_FILE = UberSDK/Info.plist;
				INFOPLIST_KEY_UIApplicationSceneManifest_Generation = YES;
				INFOPLIST_KEY_UIApplicationSupportsIndirectInputEvents = YES;
				INFOPLIST_KEY_UILaunchScreen_Generation = YES;
				INFOPLIST_KEY_UISupportedInterfaceOrientations_iPad = "UIInterfaceOrientationPortrait UIInterfaceOrientationPortraitUpsideDown UIInterfaceOrientationLandscapeLeft UIInterfaceOrientationLandscapeRight";
				INFOPLIST_KEY_UISupportedInterfaceOrientations_iPhone = "UIInterfaceOrientationPortrait UIInterfaceOrientationLandscapeLeft UIInterfaceOrientationLandscapeRight";
				IPHONEOS_DEPLOYMENT_TARGET = 17.0;
				LD_RUNPATH_SEARCH_PATHS = (
					"$(inherited)",
					"@executable_path/Frameworks",
				);
				MARKETING_VERSION = 1.0;
				PRODUCT_BUNDLE_IDENTIFIER = com.uber.UberSDK;
				PRODUCT_NAME = "$(TARGET_NAME)";
				SWIFT_EMIT_LOC_STRINGS = YES;
				SWIFT_VERSION = 5.0;
				TARGETED_DEVICE_FAMILY = "1,2";
			};
			name = Release;
		};
		B2D7AE3E2B979EDB007F03FB /* Debug */ = {
			isa = XCBuildConfiguration;
			buildSettings = {
				ALWAYS_EMBED_SWIFT_STANDARD_LIBRARIES = YES;
				BUNDLE_LOADER = "$(TEST_HOST)";
				CODE_SIGN_STYLE = Automatic;
				CURRENT_PROJECT_VERSION = 1;
				DEVELOPMENT_TEAM = 5F83KRY2FH;
				GENERATE_INFOPLIST_FILE = YES;
				IPHONEOS_DEPLOYMENT_TARGET = 17.0;
				MARKETING_VERSION = 1.0;
				PRODUCT_BUNDLE_IDENTIFIER = com.uber.UberSDKTests;
				PRODUCT_NAME = "$(TARGET_NAME)";
				SWIFT_EMIT_LOC_STRINGS = NO;
				SWIFT_VERSION = 5.0;
				TARGETED_DEVICE_FAMILY = "1,2";
				TEST_HOST = "$(BUILT_PRODUCTS_DIR)/UberSDK.app/$(BUNDLE_EXECUTABLE_FOLDER_PATH)/UberSDK";
			};
			name = Debug;
		};
		B2D7AE3F2B979EDB007F03FB /* Release */ = {
			isa = XCBuildConfiguration;
			buildSettings = {
				ALWAYS_EMBED_SWIFT_STANDARD_LIBRARIES = YES;
				BUNDLE_LOADER = "$(TEST_HOST)";
				CODE_SIGN_STYLE = Automatic;
				CURRENT_PROJECT_VERSION = 1;
				DEVELOPMENT_TEAM = 5F83KRY2FH;
				GENERATE_INFOPLIST_FILE = YES;
				IPHONEOS_DEPLOYMENT_TARGET = 17.0;
				MARKETING_VERSION = 1.0;
				PRODUCT_BUNDLE_IDENTIFIER = com.uber.UberSDKTests;
				PRODUCT_NAME = "$(TARGET_NAME)";
				SWIFT_EMIT_LOC_STRINGS = NO;
				SWIFT_VERSION = 5.0;
				TARGETED_DEVICE_FAMILY = "1,2";
				TEST_HOST = "$(BUILT_PRODUCTS_DIR)/UberSDK.app/$(BUNDLE_EXECUTABLE_FOLDER_PATH)/UberSDK";
			};
			name = Release;
		};
/* End XCBuildConfiguration section */

/* Begin XCConfigurationList section */
		B293039D2B89113F00D28BAA /* Build configuration list for PBXProject "UberSDK" */ = {
			isa = XCConfigurationList;
			buildConfigurations = (
				B29303C42B89114000D28BAA /* Debug */,
				B29303C52B89114000D28BAA /* Release */,
			);
			defaultConfigurationIsVisible = 0;
			defaultConfigurationName = Release;
		};
		B2D7AE3A2B979EDB007F03FB /* Build configuration list for PBXNativeTarget "UberSDK" */ = {
			isa = XCConfigurationList;
			buildConfigurations = (
				B2D7AE3B2B979EDB007F03FB /* Debug */,
				B2D7AE3C2B979EDB007F03FB /* Release */,
			);
			defaultConfigurationIsVisible = 0;
			defaultConfigurationName = Release;
		};
		B2D7AE3D2B979EDB007F03FB /* Build configuration list for PBXNativeTarget "UberSDKTests" */ = {
			isa = XCConfigurationList;
			buildConfigurations = (
				B2D7AE3E2B979EDB007F03FB /* Debug */,
				B2D7AE3F2B979EDB007F03FB /* Release */,
			);
			defaultConfigurationIsVisible = 0;
			defaultConfigurationName = Release;
		};
/* End XCConfigurationList section */

/* Begin XCLocalSwiftPackageReference section */
		B29303CF2B89115800D28BAA /* XCLocalSwiftPackageReference "../.." */ = {
			isa = XCLocalSwiftPackageReference;
			relativePath = ../..;
		};
/* End XCLocalSwiftPackageReference section */

/* Begin XCRemoteSwiftPackageReference section */
		B21C2E322C6574FD00337E93 /* XCRemoteSwiftPackageReference "OHHTTPStubs" */ = {
			isa = XCRemoteSwiftPackageReference;
			repositoryURL = "https://github.com/AliSoftware/OHHTTPStubs.git";
			requirement = {
				kind = upToNextMajorVersion;
				minimumVersion = 9.1.0;
			};
		};
/* End XCRemoteSwiftPackageReference section */

/* Begin XCSwiftPackageProductDependency section */
		B21C2E332C6574FD00337E93 /* OHHTTPStubsSwift */ = {
			isa = XCSwiftPackageProductDependency;
			package = B21C2E322C6574FD00337E93 /* XCRemoteSwiftPackageReference "OHHTTPStubs" */;
			productName = OHHTTPStubsSwift;
		};
		B2D7AE432B979F4E007F03FB /* UberAuth */ = {
			isa = XCSwiftPackageProductDependency;
			productName = UberAuth;
		};
		B2D7AE452B979F4E007F03FB /* UberCore */ = {
			isa = XCSwiftPackageProductDependency;
			productName = UberCore;
		};
		B2D7AE472B979F4E007F03FB /* UberRides */ = {
			isa = XCSwiftPackageProductDependency;
			productName = UberRides;
		};
/* End XCSwiftPackageProductDependency section */
	};
	rootObject = B293039A2B89113F00D28BAA /* Project object */;
}
