PODS:
  - BlocksKit (2.2.5):
    - BlocksKit/All (= 2.2.5)
  - BlocksKit/All (2.2.5):
    - BlocksKit/Core
    - BlocksKit/DynamicDelegate
    - BlocksKit/MessageUI
    - BlocksKit/UIKit
  - BlocksKit/Core (2.2.5)
  - BlocksKit/DynamicDelegate (2.2.5)
  - BlocksKit/MessageUI (2.2.5):
    - BlocksKit/Core
    - BlocksKit/DynamicDelegate
  - BlocksKit/UIKit (2.2.5):
    - BlocksKit/Core
    - BlocksKit/DynamicDelegate
  - Mantle (1.5.4):
    - Mantle/extobjc (= 1.5.4)
  - Mantle/extobjc (1.5.4)
  - MRProgress (0.8.2):
    - MRProgress/ActivityIndicator (= 0.8.2)
    - MRProgress/Blur (= 0.8.2)
    - MRProgress/Circular (= 0.8.2)
    - MRProgress/Icons (= 0.8.2)
    - MRProgress/NavigationBarProgress (= 0.8.2)
    - MRProgress/Overlay (= 0.8.2)
  - MRProgress/ActivityIndicator (0.8.2):
    - MRProgress/Stopable
  - MRProgress/Blur (0.8.2):
    - MRProgress/Helper
  - MRProgress/Circular (0.8.2):
    - MRProgress/Helper
    - MRProgress/ProgressBaseClass
    - MRProgress/Stopable
  - MRProgress/Helper (0.8.2)
  - MRProgress/Icons (0.8.2)
  - MRProgress/NavigationBarProgress (0.8.2):
    - MRProgress/ProgressBaseClass
  - MRProgress/Overlay (0.8.2):
    - MRProgress/ActivityIndicator
    - MRProgress/Blur
    - MRProgress/Circular
    - MRProgress/Helper
    - MRProgress/Icons
  - MRProgress/ProgressBaseClass (0.8.2)
  - MRProgress/Stopable (0.8.2):
    - MRProgress/Helper
  - OHHTTPStubs (4.0.2)
  - UberSDK (1.0.0):
    - UberSDK/Core (= 1.0.0)
    - UberSDK/OAuth2 (= 1.0.0)
    - UberSDK/REST (= 1.0.0)
  - UberSDK/Core (1.0.0):
    - Mantle (~> 1.4)
  - UberSDK/OAuth2 (1.0.0):
    - UberSDK/Core
  - UberSDK/REST (1.0.0):
    - Mantle (~> 1.4)
    - UberSDK/Core

DEPENDENCIES:
  - BlocksKit (~> 2.2)
  - MRProgress (~> 0.7)
  - OHHTTPStubs (~> 4.0)
  - UberSDK (from `.`)

EXTERNAL SOURCES:
  UberSDK:
    :path: .

SPEC CHECKSUMS:
  BlocksKit: 7f422b971407001178d181a43b99014ea2591fe6
  Mantle: 60acd0cd363e27d945bda0a6b8e90577112d28f3
  MRProgress: f4cfe862082418e8f542f077772283f425d6c699
  OHHTTPStubs: dbd1957d414659783e07b49c961940b7564c23d9
  UberSDK: 38fa162b2b16f3a05a3533c12cb2d8007ae9cfaf

COCOAPODS: 0.37.1
