// !$*UTF8*$!
{
	archiveVersion = 1;
	classes = {
	};
	objectVersion = 46;
	objects = {

/* Begin PBXBuildFile section */
		AC0404F21BFB82CC00AC1501 /* main.m in Sources */ = {isa = PBXBuildFile; fileRef = AC0404F11BFB82CC00AC1501 /* main.m */; };
		AC0404F51BFB82CC00AC1501 /* AppDelegate.m in Sources */ = {isa = PBXBuildFile; fileRef = AC0404F41BFB82CC00AC1501 /* AppDelegate.m */; };
		AC0404F81BFB82CC00AC1501 /* UBSDKDeeplinkExampleViewController.m in Sources */ = {isa = PBXBuildFile; fileRef = AC0404F71BFB82CC00AC1501 /* UBSDKDeeplinkExampleViewController.m */; };
		AC0404FB1BFB82CC00AC1501 /* Main.storyboard in Resources */ = {isa = PBXBuildFile; fileRef = AC0404F91BFB82CC00AC1501 /* Main.storyboard */; };
		AC0404FD1BFB82CC00AC1501 /* Assets.xcassets in Resources */ = {isa = PBXBuildFile; fileRef = AC0404FC1BFB82CC00AC1501 /* Assets.xcassets */; };
		AC0405001BFB82CC00AC1501 /* LaunchScreen.storyboard in Resources */ = {isa = PBXBuildFile; fileRef = AC0404FE1BFB82CC00AC1501 /* LaunchScreen.storyboard */; };
		AC04050B1BFB82CC00AC1501 /* Obj_C_SDKTests.m in Sources */ = {isa = PBXBuildFile; fileRef = AC04050A1BFB82CC00AC1501 /* Obj_C_SDKTests.m */; };
		AC0405161BFB82CC00AC1501 /* Obj_C_SDKUITests.m in Sources */ = {isa = PBXBuildFile; fileRef = AC0405151BFB82CC00AC1501 /* Obj_C_SDKUITests.m */; };
		DC1AE1C21CF906E200B8CFCB /* UBSDKButtonExampleViewController.m in Sources */ = {isa = PBXBuildFile; fileRef = DC1AE1C11CF906E200B8CFCB /* UBSDKButtonExampleViewController.m */; };
		DC1AE1C51CF9137A00B8CFCB /* UBSDKNativeLoginExampleViewController.m in Sources */ = {isa = PBXBuildFile; fileRef = DC1AE1C41CF9137A00B8CFCB /* UBSDKNativeLoginExampleViewController.m */; };
		DC44CE531CB7256800E09AAC /* UBSDKExampleTableViewCell.m in Sources */ = {isa = PBXBuildFile; fileRef = DC44CE521CB7256800E09AAC /* UBSDKExampleTableViewCell.m */; };
		DC44CE561CB72CB400E09AAC /* Localizations.bundle in Resources */ = {isa = PBXBuildFile; fileRef = DC44CE551CB72CB400E09AAC /* Localizations.bundle */; };
		DC9B5B7E1D00CC1200FFD5DF /* UBSDKUtility.m in Sources */ = {isa = PBXBuildFile; fileRef = DC9B5B7D1D00CC1200FFD5DF /* UBSDKUtility.m */; };
		DCD806081CFE35EF00EF6EB1 /* UBSDKLoginButtonView.m in Sources */ = {isa = PBXBuildFile; fileRef = DCD806071CFE35EF00EF6EB1 /* UBSDKLoginButtonView.m */; };
		DCEB80921D078DE300899810 /* UberRides.framework in Frameworks */ = {isa = PBXBuildFile; fileRef = DCEB80911D078DE300899810 /* UberRides.framework */; };
		DCEB80931D078DE300899810 /* UberRides.framework in Embed Frameworks */ = {isa = PBXBuildFile; fileRef = DCEB80911D078DE300899810 /* UberRides.framework */; settings = {ATTRIBUTES = (CodeSignOnCopy, RemoveHeadersOnCopy, ); }; };
		DCEB80951D078DE800899810 /* ObjectMapper.framework in Frameworks */ = {isa = PBXBuildFile; fileRef = DCEB80941D078DE800899810 /* ObjectMapper.framework */; };
		DCEB80961D078DE800899810 /* ObjectMapper.framework in Embed Frameworks */ = {isa = PBXBuildFile; fileRef = DCEB80941D078DE800899810 /* ObjectMapper.framework */; settings = {ATTRIBUTES = (CodeSignOnCopy, RemoveHeadersOnCopy, ); }; };
		DCEC0CAA1CB5D7780086C6D7 /* UBSDKExampleTableViewController.m in Sources */ = {isa = PBXBuildFile; fileRef = DCEC0CA91CB5D7780086C6D7 /* UBSDKExampleTableViewController.m */; };
		DCEC0CAD1CB5DCB10086C6D7 /* UBSDKRideRequestWidgetExampleViewController.m in Sources */ = {isa = PBXBuildFile; fileRef = DCEC0CAC1CB5DCB10086C6D7 /* UBSDKRideRequestWidgetExampleViewController.m */; };
		DCEC0CB01CB5E3D30086C6D7 /* UBSDKImplicitGrantExampleViewController.m in Sources */ = {isa = PBXBuildFile; fileRef = DCEC0CAF1CB5E3D30086C6D7 /* UBSDKImplicitGrantExampleViewController.m */; };
/* End PBXBuildFile section */

/* Begin PBXContainerItemProxy section */
		AC0405071BFB82CC00AC1501 /* PBXContainerItemProxy */ = {
			isa = PBXContainerItemProxy;
			containerPortal = AC0404E51BFB82CC00AC1501 /* Project object */;
			proxyType = 1;
			remoteGlobalIDString = AC0404EC1BFB82CC00AC1501;
			remoteInfo = "Obj-C SDK";
		};
		AC0405121BFB82CC00AC1501 /* PBXContainerItemProxy */ = {
			isa = PBXContainerItemProxy;
			containerPortal = AC0404E51BFB82CC00AC1501 /* Project object */;
			proxyType = 1;
			remoteGlobalIDString = AC0404EC1BFB82CC00AC1501;
			remoteInfo = "Obj-C SDK";
		};
/* End PBXContainerItemProxy section */

/* Begin PBXCopyFilesBuildPhase section */
		AC0405781BFBB32500AC1501 /* Embed Frameworks */ = {
			isa = PBXCopyFilesBuildPhase;
			buildActionMask = 2147483647;
			dstPath = "";
			dstSubfolderSpec = 10;
			files = (
				DCEB80961D078DE800899810 /* ObjectMapper.framework in Embed Frameworks */,
				DCEB80931D078DE300899810 /* UberRides.framework in Embed Frameworks */,
			);
			name = "Embed Frameworks";
			runOnlyForDeploymentPostprocessing = 0;
		};
/* End PBXCopyFilesBuildPhase section */

/* Begin PBXFileReference section */
		37530499F1568B296FCB29A9 /* Pods-Obj-C SDK.release.xcconfig */ = {isa = PBXFileReference; includeInIndex = 1; lastKnownFileType = text.xcconfig; name = "Pods-Obj-C SDK.release.xcconfig"; path = "Pods/Target Support Files/Pods-Obj-C SDK/Pods-Obj-C SDK.release.xcconfig"; sourceTree = "<group>"; };
		69772C0193161EB42F63FC6B /* Pods-Obj-C SDK.debug.xcconfig */ = {isa = PBXFileReference; includeInIndex = 1; lastKnownFileType = text.xcconfig; name = "Pods-Obj-C SDK.debug.xcconfig"; path = "Pods/Target Support Files/Pods-Obj-C SDK/Pods-Obj-C SDK.debug.xcconfig"; sourceTree = "<group>"; };
		AC0404ED1BFB82CC00AC1501 /* Obj-C SDK.app */ = {isa = PBXFileReference; explicitFileType = wrapper.application; includeInIndex = 0; path = "Obj-C SDK.app"; sourceTree = BUILT_PRODUCTS_DIR; };
		AC0404F11BFB82CC00AC1501 /* main.m */ = {isa = PBXFileReference; lastKnownFileType = sourcecode.c.objc; path = main.m; sourceTree = "<group>"; };
		AC0404F31BFB82CC00AC1501 /* AppDelegate.h */ = {isa = PBXFileReference; lastKnownFileType = sourcecode.c.h; path = AppDelegate.h; sourceTree = "<group>"; };
		AC0404F41BFB82CC00AC1501 /* AppDelegate.m */ = {isa = PBXFileReference; lastKnownFileType = sourcecode.c.objc; path = AppDelegate.m; sourceTree = "<group>"; };
		AC0404F61BFB82CC00AC1501 /* UBSDKDeeplinkExampleViewController.h */ = {isa = PBXFileReference; lastKnownFileType = sourcecode.c.h; path = UBSDKDeeplinkExampleViewController.h; sourceTree = "<group>"; };
		AC0404F71BFB82CC00AC1501 /* UBSDKDeeplinkExampleViewController.m */ = {isa = PBXFileReference; lastKnownFileType = sourcecode.c.objc; path = UBSDKDeeplinkExampleViewController.m; sourceTree = "<group>"; };
		AC0404FA1BFB82CC00AC1501 /* Base */ = {isa = PBXFileReference; lastKnownFileType = file.storyboard; name = Base; path = Base.lproj/Main.storyboard; sourceTree = "<group>"; };
		AC0404FC1BFB82CC00AC1501 /* Assets.xcassets */ = {isa = PBXFileReference; lastKnownFileType = folder.assetcatalog; path = Assets.xcassets; sourceTree = "<group>"; };
		AC0404FF1BFB82CC00AC1501 /* Base */ = {isa = PBXFileReference; lastKnownFileType = file.storyboard; name = Base; path = Base.lproj/LaunchScreen.storyboard; sourceTree = "<group>"; };
		AC0405011BFB82CC00AC1501 /* Info.plist */ = {isa = PBXFileReference; lastKnownFileType = text.plist.xml; path = Info.plist; sourceTree = "<group>"; };
		AC0405061BFB82CC00AC1501 /* Obj-C SDKTests.xctest */ = {isa = PBXFileReference; explicitFileType = wrapper.cfbundle; includeInIndex = 0; path = "Obj-C SDKTests.xctest"; sourceTree = BUILT_PRODUCTS_DIR; };
		AC04050A1BFB82CC00AC1501 /* Obj_C_SDKTests.m */ = {isa = PBXFileReference; lastKnownFileType = sourcecode.c.objc; path = Obj_C_SDKTests.m; sourceTree = "<group>"; };
		AC04050C1BFB82CC00AC1501 /* Info.plist */ = {isa = PBXFileReference; lastKnownFileType = text.plist.xml; path = Info.plist; sourceTree = "<group>"; };
		AC0405111BFB82CC00AC1501 /* Obj-C SDKUITests.xctest */ = {isa = PBXFileReference; explicitFileType = wrapper.cfbundle; includeInIndex = 0; path = "Obj-C SDKUITests.xctest"; sourceTree = BUILT_PRODUCTS_DIR; };
		AC0405151BFB82CC00AC1501 /* Obj_C_SDKUITests.m */ = {isa = PBXFileReference; lastKnownFileType = sourcecode.c.objc; path = Obj_C_SDKUITests.m; sourceTree = "<group>"; };
		AC0405171BFB82CC00AC1501 /* Info.plist */ = {isa = PBXFileReference; lastKnownFileType = text.plist.xml; path = Info.plist; sourceTree = "<group>"; };
		DC1AE1C01CF906E200B8CFCB /* UBSDKButtonExampleViewController.h */ = {isa = PBXFileReference; fileEncoding = 4; lastKnownFileType = sourcecode.c.h; path = UBSDKButtonExampleViewController.h; sourceTree = "<group>"; };
		DC1AE1C11CF906E200B8CFCB /* UBSDKButtonExampleViewController.m */ = {isa = PBXFileReference; fileEncoding = 4; lastKnownFileType = sourcecode.c.objc; path = UBSDKButtonExampleViewController.m; sourceTree = "<group>"; };
		DC1AE1C31CF9137A00B8CFCB /* UBSDKNativeLoginExampleViewController.h */ = {isa = PBXFileReference; fileEncoding = 4; lastKnownFileType = sourcecode.c.h; path = UBSDKNativeLoginExampleViewController.h; sourceTree = "<group>"; };
		DC1AE1C41CF9137A00B8CFCB /* UBSDKNativeLoginExampleViewController.m */ = {isa = PBXFileReference; fileEncoding = 4; lastKnownFileType = sourcecode.c.objc; path = UBSDKNativeLoginExampleViewController.m; sourceTree = "<group>"; };
		DC44CE511CB7256800E09AAC /* UBSDKExampleTableViewCell.h */ = {isa = PBXFileReference; fileEncoding = 4; lastKnownFileType = sourcecode.c.h; path = UBSDKExampleTableViewCell.h; sourceTree = "<group>"; };
		DC44CE521CB7256800E09AAC /* UBSDKExampleTableViewCell.m */ = {isa = PBXFileReference; fileEncoding = 4; lastKnownFileType = sourcecode.c.objc; path = UBSDKExampleTableViewCell.m; sourceTree = "<group>"; };
		DC44CE551CB72CB400E09AAC /* Localizations.bundle */ = {isa = PBXFileReference; lastKnownFileType = "wrapper.plug-in"; name = Localizations.bundle; path = Resources/Localizations.bundle; sourceTree = "<group>"; };
		DC44CE571CB72D5000E09AAC /* UBSDKLocalization.h */ = {isa = PBXFileReference; lastKnownFileType = sourcecode.c.h; path = UBSDKLocalization.h; sourceTree = "<group>"; };
		DC8FC36D1CBDF7E700D58839 /* zh-Hans */ = {isa = PBXFileReference; lastKnownFileType = text.plist.strings; name = "zh-Hans"; path = "zh-Hans.lproj/Main.strings"; sourceTree = "<group>"; };
		DC8FC36E1CBDF7E700D58839 /* zh-Hans */ = {isa = PBXFileReference; lastKnownFileType = text.plist.strings; name = "zh-Hans"; path = "zh-Hans.lproj/LaunchScreen.strings"; sourceTree = "<group>"; };
		DC8FC36F1CBDF7ED00D58839 /* zh-Hant */ = {isa = PBXFileReference; lastKnownFileType = text.plist.strings; name = "zh-Hant"; path = "zh-Hant.lproj/Main.strings"; sourceTree = "<group>"; };
		DC8FC3701CBDF7ED00D58839 /* zh-Hant */ = {isa = PBXFileReference; lastKnownFileType = text.plist.strings; name = "zh-Hant"; path = "zh-Hant.lproj/LaunchScreen.strings"; sourceTree = "<group>"; };
		DC8FC3711CBDF7FD00D58839 /* hi-IN */ = {isa = PBXFileReference; lastKnownFileType = text.plist.strings; name = "hi-IN"; path = "hi-IN.lproj/Main.strings"; sourceTree = "<group>"; };
		DC8FC3721CBDF7FD00D58839 /* hi-IN */ = {isa = PBXFileReference; lastKnownFileType = text.plist.strings; name = "hi-IN"; path = "hi-IN.lproj/LaunchScreen.strings"; sourceTree = "<group>"; };
		DC9B5B7C1D00CC1200FFD5DF /* UBSDKUtility.h */ = {isa = PBXFileReference; fileEncoding = 4; lastKnownFileType = sourcecode.c.h; path = UBSDKUtility.h; sourceTree = "<group>"; };
		DC9B5B7D1D00CC1200FFD5DF /* UBSDKUtility.m */ = {isa = PBXFileReference; fileEncoding = 4; lastKnownFileType = sourcecode.c.objc; path = UBSDKUtility.m; sourceTree = "<group>"; };
		DCD806061CFE35EF00EF6EB1 /* UBSDKLoginButtonView.h */ = {isa = PBXFileReference; fileEncoding = 4; lastKnownFileType = sourcecode.c.h; path = UBSDKLoginButtonView.h; sourceTree = "<group>"; };
		DCD806071CFE35EF00EF6EB1 /* UBSDKLoginButtonView.m */ = {isa = PBXFileReference; fileEncoding = 4; lastKnownFileType = sourcecode.c.objc; path = UBSDKLoginButtonView.m; sourceTree = "<group>"; };
		DCEB80911D078DE300899810 /* UberRides.framework */ = {isa = PBXFileReference; lastKnownFileType = wrapper.framework; name = UberRides.framework; path = Carthage/Build/iOS/UberRides.framework; sourceTree = "<group>"; };
		DCEB80941D078DE800899810 /* ObjectMapper.framework */ = {isa = PBXFileReference; lastKnownFileType = wrapper.framework; name = ObjectMapper.framework; path = Carthage/Build/iOS/ObjectMapper.framework; sourceTree = "<group>"; };
		DCEC0CA81CB5D7780086C6D7 /* UBSDKExampleTableViewController.h */ = {isa = PBXFileReference; fileEncoding = 4; lastKnownFileType = sourcecode.c.h; path = UBSDKExampleTableViewController.h; sourceTree = "<group>"; };
		DCEC0CA91CB5D7780086C6D7 /* UBSDKExampleTableViewController.m */ = {isa = PBXFileReference; fileEncoding = 4; lastKnownFileType = sourcecode.c.objc; path = UBSDKExampleTableViewController.m; sourceTree = "<group>"; };
		DCEC0CAB1CB5DCB10086C6D7 /* UBSDKRideRequestWidgetExampleViewController.h */ = {isa = PBXFileReference; fileEncoding = 4; lastKnownFileType = sourcecode.c.h; path = UBSDKRideRequestWidgetExampleViewController.h; sourceTree = "<group>"; };
		DCEC0CAC1CB5DCB10086C6D7 /* UBSDKRideRequestWidgetExampleViewController.m */ = {isa = PBXFileReference; fileEncoding = 4; lastKnownFileType = sourcecode.c.objc; path = UBSDKRideRequestWidgetExampleViewController.m; sourceTree = "<group>"; };
		DCEC0CAE1CB5E3D30086C6D7 /* UBSDKImplicitGrantExampleViewController.h */ = {isa = PBXFileReference; fileEncoding = 4; lastKnownFileType = sourcecode.c.h; path = UBSDKImplicitGrantExampleViewController.h; sourceTree = "<group>"; };
		DCEC0CAF1CB5E3D30086C6D7 /* UBSDKImplicitGrantExampleViewController.m */ = {isa = PBXFileReference; fileEncoding = 4; lastKnownFileType = sourcecode.c.objc; path = UBSDKImplicitGrantExampleViewController.m; sourceTree = "<group>"; };
/* End PBXFileReference section */

/* Begin PBXFrameworksBuildPhase section */
		AC0404EA1BFB82CC00AC1501 /* Frameworks */ = {
			isa = PBXFrameworksBuildPhase;
			buildActionMask = 2147483647;
			files = (
				DCEB80951D078DE800899810 /* ObjectMapper.framework in Frameworks */,
				DCEB80921D078DE300899810 /* UberRides.framework in Frameworks */,
			);
			runOnlyForDeploymentPostprocessing = 0;
		};
		AC0405031BFB82CC00AC1501 /* Frameworks */ = {
			isa = PBXFrameworksBuildPhase;
			buildActionMask = 2147483647;
			files = (
			);
			runOnlyForDeploymentPostprocessing = 0;
		};
		AC04050E1BFB82CC00AC1501 /* Frameworks */ = {
			isa = PBXFrameworksBuildPhase;
			buildActionMask = 2147483647;
			files = (
			);
			runOnlyForDeploymentPostprocessing = 0;
		};
/* End PBXFrameworksBuildPhase section */

/* Begin PBXGroup section */
		28A6CFC4B4A38C240D740F18 /* Frameworks */ = {
			isa = PBXGroup;
			children = (
				DCEB80941D078DE800899810 /* ObjectMapper.framework */,
				DCEB80911D078DE300899810 /* UberRides.framework */,
			);
			name = Frameworks;
			sourceTree = "<group>";
		};
		AC0404E41BFB82CC00AC1501 = {
			isa = PBXGroup;
			children = (
				AC0404EF1BFB82CC00AC1501 /* Obj-C SDK */,
				AC0405091BFB82CC00AC1501 /* Obj-C SDKTests */,
				AC0405141BFB82CC00AC1501 /* Obj-C SDKUITests */,
				AC0404EE1BFB82CC00AC1501 /* Products */,
				F00ED5F19A7501D03901A5C7 /* Pods */,
				28A6CFC4B4A38C240D740F18 /* Frameworks */,
			);
			sourceTree = "<group>";
		};
		AC0404EE1BFB82CC00AC1501 /* Products */ = {
			isa = PBXGroup;
			children = (
				AC0404ED1BFB82CC00AC1501 /* Obj-C SDK.app */,
				AC0405061BFB82CC00AC1501 /* Obj-C SDKTests.xctest */,
				AC0405111BFB82CC00AC1501 /* Obj-C SDKUITests.xctest */,
			);
			name = Products;
			sourceTree = "<group>";
		};
		AC0404EF1BFB82CC00AC1501 /* Obj-C SDK */ = {
			isa = PBXGroup;
			children = (
				DC9B5B7B1D00CBD600FFD5DF /* Utility */,
				DC44CE501CB7254500E09AAC /* Views */,
				AC0404F31BFB82CC00AC1501 /* AppDelegate.h */,
				AC0404F41BFB82CC00AC1501 /* AppDelegate.m */,
				DC1AE1C01CF906E200B8CFCB /* UBSDKButtonExampleViewController.h */,
				DC1AE1C11CF906E200B8CFCB /* UBSDKButtonExampleViewController.m */,
				DCEC0CA81CB5D7780086C6D7 /* UBSDKExampleTableViewController.h */,
				DCEC0CA91CB5D7780086C6D7 /* UBSDKExampleTableViewController.m */,
				AC0404F61BFB82CC00AC1501 /* UBSDKDeeplinkExampleViewController.h */,
				AC0404F71BFB82CC00AC1501 /* UBSDKDeeplinkExampleViewController.m */,
				DCEC0CAB1CB5DCB10086C6D7 /* UBSDKRideRequestWidgetExampleViewController.h */,
				DCEC0CAC1CB5DCB10086C6D7 /* UBSDKRideRequestWidgetExampleViewController.m */,
				DCEC0CAE1CB5E3D30086C6D7 /* UBSDKImplicitGrantExampleViewController.h */,
				DCEC0CAF1CB5E3D30086C6D7 /* UBSDKImplicitGrantExampleViewController.m */,
				DC1AE1C31CF9137A00B8CFCB /* UBSDKNativeLoginExampleViewController.h */,
				DC1AE1C41CF9137A00B8CFCB /* UBSDKNativeLoginExampleViewController.m */,
				AC0404F91BFB82CC00AC1501 /* Main.storyboard */,
				AC0404FC1BFB82CC00AC1501 /* Assets.xcassets */,
				AC0404FE1BFB82CC00AC1501 /* LaunchScreen.storyboard */,
				AC0405011BFB82CC00AC1501 /* Info.plist */,
				DC44CE541CB72C8D00E09AAC /* Resources */,
				AC0404F01BFB82CC00AC1501 /* Supporting Files */,
			);
			path = "Obj-C SDK";
			sourceTree = "<group>";
		};
		AC0404F01BFB82CC00AC1501 /* Supporting Files */ = {
			isa = PBXGroup;
			children = (
				AC0404F11BFB82CC00AC1501 /* main.m */,
			);
			name = "Supporting Files";
			sourceTree = "<group>";
		};
		AC0405091BFB82CC00AC1501 /* Obj-C SDKTests */ = {
			isa = PBXGroup;
			children = (
				AC04050A1BFB82CC00AC1501 /* Obj_C_SDKTests.m */,
				AC04050C1BFB82CC00AC1501 /* Info.plist */,
			);
			path = "Obj-C SDKTests";
			sourceTree = "<group>";
		};
		AC0405141BFB82CC00AC1501 /* Obj-C SDKUITests */ = {
			isa = PBXGroup;
			children = (
				AC0405151BFB82CC00AC1501 /* Obj_C_SDKUITests.m */,
				AC0405171BFB82CC00AC1501 /* Info.plist */,
			);
			path = "Obj-C SDKUITests";
			sourceTree = "<group>";
		};
		DC44CE501CB7254500E09AAC /* Views */ = {
			isa = PBXGroup;
			children = (
				DC44CE511CB7256800E09AAC /* UBSDKExampleTableViewCell.h */,
				DC44CE521CB7256800E09AAC /* UBSDKExampleTableViewCell.m */,
				DCD806061CFE35EF00EF6EB1 /* UBSDKLoginButtonView.h */,
				DCD806071CFE35EF00EF6EB1 /* UBSDKLoginButtonView.m */,
			);
			name = Views;
			sourceTree = "<group>";
		};
		DC44CE541CB72C8D00E09AAC /* Resources */ = {
			isa = PBXGroup;
			children = (
				DC44CE551CB72CB400E09AAC /* Localizations.bundle */,
			);
			name = Resources;
			sourceTree = "<group>";
		};
		DC9B5B7B1D00CBD600FFD5DF /* Utility */ = {
			isa = PBXGroup;
			children = (
				DC44CE571CB72D5000E09AAC /* UBSDKLocalization.h */,
				DC9B5B7C1D00CC1200FFD5DF /* UBSDKUtility.h */,
				DC9B5B7D1D00CC1200FFD5DF /* UBSDKUtility.m */,
			);
			name = Utility;
			sourceTree = "<group>";
		};
		F00ED5F19A7501D03901A5C7 /* Pods */ = {
			isa = PBXGroup;
			children = (
				69772C0193161EB42F63FC6B /* Pods-Obj-C SDK.debug.xcconfig */,
				37530499F1568B296FCB29A9 /* Pods-Obj-C SDK.release.xcconfig */,
			);
			name = Pods;
			sourceTree = "<group>";
		};
/* End PBXGroup section */

/* Begin PBXNativeTarget section */
		AC0404EC1BFB82CC00AC1501 /* Obj-C SDK */ = {
			isa = PBXNativeTarget;
			buildConfigurationList = AC04051A1BFB82CC00AC1501 /* Build configuration list for PBXNativeTarget "Obj-C SDK" */;
			buildPhases = (
				AC0404E91BFB82CC00AC1501 /* Sources */,
				AC0404EA1BFB82CC00AC1501 /* Frameworks */,
				AC0404EB1BFB82CC00AC1501 /* Resources */,
				AC0405781BFBB32500AC1501 /* Embed Frameworks */,
				DCEB80901D078D3500899810 /* Copy Carthage Frameworks */,
			);
			buildRules = (
			);
			dependencies = (
			);
			name = "Obj-C SDK";
			productName = "Obj-C SDK";
			productReference = AC0404ED1BFB82CC00AC1501 /* Obj-C SDK.app */;
			productType = "com.apple.product-type.application";
		};
		AC0405051BFB82CC00AC1501 /* Obj-C SDKTests */ = {
			isa = PBXNativeTarget;
			buildConfigurationList = AC04051D1BFB82CC00AC1501 /* Build configuration list for PBXNativeTarget "Obj-C SDKTests" */;
			buildPhases = (
				AC0405021BFB82CC00AC1501 /* Sources */,
				AC0405031BFB82CC00AC1501 /* Frameworks */,
				AC0405041BFB82CC00AC1501 /* Resources */,
			);
			buildRules = (
			);
			dependencies = (
				AC0405081BFB82CC00AC1501 /* PBXTargetDependency */,
			);
			name = "Obj-C SDKTests";
			productName = "Obj-C SDKTests";
			productReference = AC0405061BFB82CC00AC1501 /* Obj-C SDKTests.xctest */;
			productType = "com.apple.product-type.bundle.unit-test";
		};
		AC0405101BFB82CC00AC1501 /* Obj-C SDKUITests */ = {
			isa = PBXNativeTarget;
			buildConfigurationList = AC0405201BFB82CC00AC1501 /* Build configuration list for PBXNativeTarget "Obj-C SDKUITests" */;
			buildPhases = (
				AC04050D1BFB82CC00AC1501 /* Sources */,
				AC04050E1BFB82CC00AC1501 /* Frameworks */,
				AC04050F1BFB82CC00AC1501 /* Resources */,
			);
			buildRules = (
			);
			dependencies = (
				AC0405131BFB82CC00AC1501 /* PBXTargetDependency */,
			);
			name = "Obj-C SDKUITests";
			productName = "Obj-C SDKUITests";
			productReference = AC0405111BFB82CC00AC1501 /* Obj-C SDKUITests.xctest */;
			productType = "com.apple.product-type.bundle.ui-testing";
		};
/* End PBXNativeTarget section */

/* Begin PBXProject section */
		AC0404E51BFB82CC00AC1501 /* Project object */ = {
			isa = PBXProject;
			attributes = {
				LastUpgradeCheck = 0710;
				ORGANIZATIONNAME = Uber;
				TargetAttributes = {
					AC0404EC1BFB82CC00AC1501 = {
						CreatedOnToolsVersion = 7.1;
					};
					AC0405051BFB82CC00AC1501 = {
						CreatedOnToolsVersion = 7.1;
						DevelopmentTeam = 36UPBWHAQE;
						TestTargetID = AC0404EC1BFB82CC00AC1501;
					};
					AC0405101BFB82CC00AC1501 = {
						CreatedOnToolsVersion = 7.1;
						DevelopmentTeam = 36UPBWHAQE;
						TestTargetID = AC0404EC1BFB82CC00AC1501;
					};
				};
			};
			buildConfigurationList = AC0404E81BFB82CC00AC1501 /* Build configuration list for PBXProject "Obj-C SDK" */;
			compatibilityVersion = "Xcode 3.2";
			developmentRegion = English;
			hasScannedForEncodings = 0;
			knownRegions = (
				en,
				Base,
			);
			mainGroup = AC0404E41BFB82CC00AC1501;
			productRefGroup = AC0404EE1BFB82CC00AC1501 /* Products */;
			projectDirPath = "";
			projectRoot = "";
			targets = (
				AC0404EC1BFB82CC00AC1501 /* Obj-C SDK */,
				AC0405051BFB82CC00AC1501 /* Obj-C SDKTests */,
				AC0405101BFB82CC00AC1501 /* Obj-C SDKUITests */,
			);
		};
/* End PBXProject section */

/* Begin PBXResourcesBuildPhase section */
		AC0404EB1BFB82CC00AC1501 /* Resources */ = {
			isa = PBXResourcesBuildPhase;
			buildActionMask = 2147483647;
			files = (
				DC44CE561CB72CB400E09AAC /* Localizations.bundle in Resources */,
				AC0405001BFB82CC00AC1501 /* LaunchScreen.storyboard in Resources */,
				AC0404FD1BFB82CC00AC1501 /* Assets.xcassets in Resources */,
				AC0404FB1BFB82CC00AC1501 /* Main.storyboard in Resources */,
			);
			runOnlyForDeploymentPostprocessing = 0;
		};
		AC0405041BFB82CC00AC1501 /* Resources */ = {
			isa = PBXResourcesBuildPhase;
			buildActionMask = 2147483647;
			files = (
			);
			runOnlyForDeploymentPostprocessing = 0;
		};
		AC04050F1BFB82CC00AC1501 /* Resources */ = {
			isa = PBXResourcesBuildPhase;
			buildActionMask = 2147483647;
			files = (
			);
			runOnlyForDeploymentPostprocessing = 0;
		};
/* End PBXResourcesBuildPhase section */

/* Begin PBXShellScriptBuildPhase section */
		DCEB80901D078D3500899810 /* Copy Carthage Frameworks */ = {
			isa = PBXShellScriptBuildPhase;
			buildActionMask = 2147483647;
			files = (
			);
			inputPaths = (
				"$(SRCROOT)/Carthage/Build/iOS/UberRides.framework",
				"$(SRCROOT)/Carthage/Build/iOS/ObjectMapper.framework",
			);
			name = "Copy Carthage Frameworks";
			outputPaths = (
			);
			runOnlyForDeploymentPostprocessing = 0;
			shellPath = /bin/sh;
			shellScript = "/usr/local/bin/carthage copy-frameworks";
		};
/* End PBXShellScriptBuildPhase section */

/* Begin PBXSourcesBuildPhase section */
		AC0404E91BFB82CC00AC1501 /* Sources */ = {
			isa = PBXSourcesBuildPhase;
			buildActionMask = 2147483647;
			files = (
				DCEC0CAA1CB5D7780086C6D7 /* UBSDKExampleTableViewController.m in Sources */,
				DCD806081CFE35EF00EF6EB1 /* UBSDKLoginButtonView.m in Sources */,
				DC9B5B7E1D00CC1200FFD5DF /* UBSDKUtility.m in Sources */,
				DC1AE1C21CF906E200B8CFCB /* UBSDKButtonExampleViewController.m in Sources */,
				DCEC0CAD1CB5DCB10086C6D7 /* UBSDKRideRequestWidgetExampleViewController.m in Sources */,
				AC0404F81BFB82CC00AC1501 /* UBSDKDeeplinkExampleViewController.m in Sources */,
				AC0404F51BFB82CC00AC1501 /* AppDelegate.m in Sources */,
				DC1AE1C51CF9137A00B8CFCB /* UBSDKNativeLoginExampleViewController.m in Sources */,
				DC44CE531CB7256800E09AAC /* UBSDKExampleTableViewCell.m in Sources */,
				AC0404F21BFB82CC00AC1501 /* main.m in Sources */,
				DCEC0CB01CB5E3D30086C6D7 /* UBSDKImplicitGrantExampleViewController.m in Sources */,
			);
			runOnlyForDeploymentPostprocessing = 0;
		};
		AC0405021BFB82CC00AC1501 /* Sources */ = {
			isa = PBXSourcesBuildPhase;
			buildActionMask = 2147483647;
			files = (
				AC04050B1BFB82CC00AC1501 /* Obj_C_SDKTests.m in Sources */,
			);
			runOnlyForDeploymentPostprocessing = 0;
		};
		AC04050D1BFB82CC00AC1501 /* Sources */ = {
			isa = PBXSourcesBuildPhase;
			buildActionMask = 2147483647;
			files = (
				AC0405161BFB82CC00AC1501 /* Obj_C_SDKUITests.m in Sources */,
			);
			runOnlyForDeploymentPostprocessing = 0;
		};
/* End PBXSourcesBuildPhase section */

/* Begin PBXTargetDependency section */
		AC0405081BFB82CC00AC1501 /* PBXTargetDependency */ = {
			isa = PBXTargetDependency;
			target = AC0404EC1BFB82CC00AC1501 /* Obj-C SDK */;
			targetProxy = AC0405071BFB82CC00AC1501 /* PBXContainerItemProxy */;
		};
		AC0405131BFB82CC00AC1501 /* PBXTargetDependency */ = {
			isa = PBXTargetDependency;
			target = AC0404EC1BFB82CC00AC1501 /* Obj-C SDK */;
			targetProxy = AC0405121BFB82CC00AC1501 /* PBXContainerItemProxy */;
		};
/* End PBXTargetDependency section */

/* Begin PBXVariantGroup section */
		AC0404F91BFB82CC00AC1501 /* Main.storyboard */ = {
			isa = PBXVariantGroup;
			children = (
				AC0404FA1BFB82CC00AC1501 /* Base */,
				DC8FC36D1CBDF7E700D58839 /* zh-Hans */,
				DC8FC36F1CBDF7ED00D58839 /* zh-Hant */,
				DC8FC3711CBDF7FD00D58839 /* hi-IN */,
			);
			name = Main.storyboard;
			sourceTree = "<group>";
		};
		AC0404FE1BFB82CC00AC1501 /* LaunchScreen.storyboard */ = {
			isa = PBXVariantGroup;
			children = (
				AC0404FF1BFB82CC00AC1501 /* Base */,
				DC8FC36E1CBDF7E700D58839 /* zh-Hans */,
				DC8FC3701CBDF7ED00D58839 /* zh-Hant */,
				DC8FC3721CBDF7FD00D58839 /* hi-IN */,
			);
			name = LaunchScreen.storyboard;
			sourceTree = "<group>";
		};
/* End PBXVariantGroup section */

/* Begin XCBuildConfiguration section */
		AC0405181BFB82CC00AC1501 /* Debug */ = {
			isa = XCBuildConfiguration;
			buildSettings = {
				ALWAYS_SEARCH_USER_PATHS = NO;
				CLANG_CXX_LANGUAGE_STANDARD = "gnu++0x";
				CLANG_CXX_LIBRARY = "libc++";
				CLANG_ENABLE_MODULES = YES;
				CLANG_ENABLE_OBJC_ARC = YES;
				CLANG_WARN_BOOL_CONVERSION = YES;
				CLANG_WARN_CONSTANT_CONVERSION = YES;
				CLANG_WARN_DIRECT_OBJC_ISA_USAGE = YES_ERROR;
				CLANG_WARN_EMPTY_BODY = YES;
				CLANG_WARN_ENUM_CONVERSION = YES;
				CLANG_WARN_INT_CONVERSION = YES;
				CLANG_WARN_OBJC_ROOT_CLASS = YES_ERROR;
				CLANG_WARN_UNREACHABLE_CODE = YES;
				CLANG_WARN__DUPLICATE_METHOD_MATCH = YES;
				"CODE_SIGN_IDENTITY[sdk=iphoneos*]" = "iPhone Developer";
				COPY_PHASE_STRIP = NO;
				DEBUG_INFORMATION_FORMAT = dwarf;
				ENABLE_STRICT_OBJC_MSGSEND = YES;
				ENABLE_TESTABILITY = YES;
				GCC_C_LANGUAGE_STANDARD = gnu99;
				GCC_DYNAMIC_NO_PIC = NO;
				GCC_NO_COMMON_BLOCKS = YES;
				GCC_OPTIMIZATION_LEVEL = 0;
				GCC_PREPROCESSOR_DEFINITIONS = (
					"DEBUG=1",
					"$(inherited)",
				);
				GCC_WARN_64_TO_32_BIT_CONVERSION = YES;
				GCC_WARN_ABOUT_RETURN_TYPE = YES_ERROR;
				GCC_WARN_UNDECLARED_SELECTOR = YES;
				GCC_WARN_UNINITIALIZED_AUTOS = YES_AGGRESSIVE;
				GCC_WARN_UNUSED_FUNCTION = YES;
				GCC_WARN_UNUSED_VARIABLE = YES;
				IPHONEOS_DEPLOYMENT_TARGET = 8.0;
				MTL_ENABLE_DEBUG_INFO = YES;
				ONLY_ACTIVE_ARCH = YES;
				SDKROOT = iphoneos;
			};
			name = Debug;
		};
		AC0405191BFB82CC00AC1501 /* Release */ = {
			isa = XCBuildConfiguration;
			buildSettings = {
				ALWAYS_SEARCH_USER_PATHS = NO;
				CLANG_CXX_LANGUAGE_STANDARD = "gnu++0x";
				CLANG_CXX_LIBRARY = "libc++";
				CLANG_ENABLE_MODULES = YES;
				CLANG_ENABLE_OBJC_ARC = YES;
				CLANG_WARN_BOOL_CONVERSION = YES;
				CLANG_WARN_CONSTANT_CONVERSION = YES;
				CLANG_WARN_DIRECT_OBJC_ISA_USAGE = YES_ERROR;
				CLANG_WARN_EMPTY_BODY = YES;
				CLANG_WARN_ENUM_CONVERSION = YES;
				CLANG_WARN_INT_CONVERSION = YES;
				CLANG_WARN_OBJC_ROOT_CLASS = YES_ERROR;
				CLANG_WARN_UNREACHABLE_CODE = YES;
				CLANG_WARN__DUPLICATE_METHOD_MATCH = YES;
				"CODE_SIGN_IDENTITY[sdk=iphoneos*]" = "iPhone Developer";
				COPY_PHASE_STRIP = NO;
				DEBUG_INFORMATION_FORMAT = "dwarf-with-dsym";
				ENABLE_NS_ASSERTIONS = NO;
				ENABLE_STRICT_OBJC_MSGSEND = YES;
				GCC_C_LANGUAGE_STANDARD = gnu99;
				GCC_NO_COMMON_BLOCKS = YES;
				GCC_WARN_64_TO_32_BIT_CONVERSION = YES;
				GCC_WARN_ABOUT_RETURN_TYPE = YES_ERROR;
				GCC_WARN_UNDECLARED_SELECTOR = YES;
				GCC_WARN_UNINITIALIZED_AUTOS = YES_AGGRESSIVE;
				GCC_WARN_UNUSED_FUNCTION = YES;
				GCC_WARN_UNUSED_VARIABLE = YES;
				IPHONEOS_DEPLOYMENT_TARGET = 8.0;
				MTL_ENABLE_DEBUG_INFO = NO;
				SDKROOT = iphoneos;
				VALIDATE_PRODUCT = YES;
			};
			name = Release;
		};
		AC04051B1BFB82CC00AC1501 /* Debug */ = {
			isa = XCBuildConfiguration;
			buildSettings = {
				ASSETCATALOG_COMPILER_APPICON_NAME = AppIcon;
				CODE_SIGN_IDENTITY = "iPhone Developer";
				"CODE_SIGN_IDENTITY[sdk=iphoneos*]" = "iPhone Developer";
				EMBEDDED_CONTENT_CONTAINS_SWIFT = YES;
				FRAMEWORK_SEARCH_PATHS = (
					"$(inherited)",
					"$(PROJECT_DIR)/Carthage/Build/iOS",
				);
				INFOPLIST_FILE = "Obj-C SDK/Info.plist";
				LD_RUNPATH_SEARCH_PATHS = "$(inherited) @executable_path/Frameworks";
				PRODUCT_BUNDLE_IDENTIFIER = "com.uber.sdk.Obj-C-SDK";
				PRODUCT_NAME = "$(TARGET_NAME)";
				PROVISIONING_PROFILE = "";
			};
			name = Debug;
		};
		AC04051C1BFB82CC00AC1501 /* Release */ = {
			isa = XCBuildConfiguration;
			buildSettings = {
				ASSETCATALOG_COMPILER_APPICON_NAME = AppIcon;
				CODE_SIGN_IDENTITY = "iPhone Developer";
				"CODE_SIGN_IDENTITY[sdk=iphoneos*]" = "iPhone Developer";
				EMBEDDED_CONTENT_CONTAINS_SWIFT = YES;
				FRAMEWORK_SEARCH_PATHS = (
					"$(inherited)",
					"$(PROJECT_DIR)/Carthage/Build/iOS",
				);
				INFOPLIST_FILE = "Obj-C SDK/Info.plist";
				LD_RUNPATH_SEARCH_PATHS = "$(inherited) @executable_path/Frameworks";
				PRODUCT_BUNDLE_IDENTIFIER = "com.uber.sdk.Obj-C-SDK";
				PRODUCT_NAME = "$(TARGET_NAME)";
				PROVISIONING_PROFILE = "";
			};
			name = Release;
		};
		AC04051E1BFB82CC00AC1501 /* Debug */ = {
			isa = XCBuildConfiguration;
			buildSettings = {
				BUNDLE_LOADER = "$(TEST_HOST)";
				INFOPLIST_FILE = "Obj-C SDKTests/Info.plist";
				LD_RUNPATH_SEARCH_PATHS = "$(inherited) @executable_path/Frameworks @loader_path/Frameworks";
				PRODUCT_BUNDLE_IDENTIFIER = "com.uber.sdk.Obj-C-SDKTests";
				PRODUCT_NAME = "$(TARGET_NAME)";
				TEST_HOST = "$(BUILT_PRODUCTS_DIR)/Obj-C SDK.app/Obj-C SDK";
			};
			name = Debug;
		};
		AC04051F1BFB82CC00AC1501 /* Release */ = {
			isa = XCBuildConfiguration;
			buildSettings = {
				BUNDLE_LOADER = "$(TEST_HOST)";
				INFOPLIST_FILE = "Obj-C SDKTests/Info.plist";
				LD_RUNPATH_SEARCH_PATHS = "$(inherited) @executable_path/Frameworks @loader_path/Frameworks";
				PRODUCT_BUNDLE_IDENTIFIER = "com.uber.sdk.Obj-C-SDKTests";
				PRODUCT_NAME = "$(TARGET_NAME)";
				TEST_HOST = "$(BUILT_PRODUCTS_DIR)/Obj-C SDK.app/Obj-C SDK";
			};
			name = Release;
		};
		AC0405211BFB82CC00AC1501 /* Debug */ = {
			isa = XCBuildConfiguration;
			buildSettings = {
				INFOPLIST_FILE = "Obj-C SDKUITests/Info.plist";
				LD_RUNPATH_SEARCH_PATHS = "$(inherited) @executable_path/Frameworks @loader_path/Frameworks";
				PRODUCT_BUNDLE_IDENTIFIER = "com.uber.sdk.Obj-C-SDKUITests";
				PRODUCT_NAME = "$(TARGET_NAME)";
				TEST_TARGET_NAME = "Obj-C SDK";
				USES_XCTRUNNER = YES;
			};
			name = Debug;
		};
		AC0405221BFB82CC00AC1501 /* Release */ = {
			isa = XCBuildConfiguration;
			buildSettings = {
				INFOPLIST_FILE = "Obj-C SDKUITests/Info.plist";
				LD_RUNPATH_SEARCH_PATHS = "$(inherited) @executable_path/Frameworks @loader_path/Frameworks";
				PRODUCT_BUNDLE_IDENTIFIER = "com.uber.sdk.Obj-C-SDKUITests";
				PRODUCT_NAME = "$(TARGET_NAME)";
				TEST_TARGET_NAME = "Obj-C SDK";
				USES_XCTRUNNER = YES;
			};
			name = Release;
		};
/* End XCBuildConfiguration section */

/* Begin XCConfigurationList section */
		AC0404E81BFB82CC00AC1501 /* Build configuration list for PBXProject "Obj-C SDK" */ = {
			isa = XCConfigurationList;
			buildConfigurations = (
				AC0405181BFB82CC00AC1501 /* Debug */,
				AC0405191BFB82CC00AC1501 /* Release */,
			);
			defaultConfigurationIsVisible = 0;
			defaultConfigurationName = Release;
		};
		AC04051A1BFB82CC00AC1501 /* Build configuration list for PBXNativeTarget "Obj-C SDK" */ = {
			isa = XCConfigurationList;
			buildConfigurations = (
				AC04051B1BFB82CC00AC1501 /* Debug */,
				AC04051C1BFB82CC00AC1501 /* Release */,
			);
			defaultConfigurationIsVisible = 0;
			defaultConfigurationName = Release;
		};
		AC04051D1BFB82CC00AC1501 /* Build configuration list for PBXNativeTarget "Obj-C SDKTests" */ = {
			isa = XCConfigurationList;
			buildConfigurations = (
				AC04051E1BFB82CC00AC1501 /* Debug */,
				AC04051F1BFB82CC00AC1501 /* Release */,
			);
			defaultConfigurationIsVisible = 0;
			defaultConfigurationName = Release;
		};
		AC0405201BFB82CC00AC1501 /* Build configuration list for PBXNativeTarget "Obj-C SDKUITests" */ = {
			isa = XCConfigurationList;
			buildConfigurations = (
				AC0405211BFB82CC00AC1501 /* Debug */,
				AC0405221BFB82CC00AC1501 /* Release */,
			);
			defaultConfigurationIsVisible = 0;
			defaultConfigurationName = Release;
		};
/* End XCConfigurationList section */
	};
	rootObject = AC0404E51BFB82CC00AC1501 /* Project object */;
}
