PODS:
  - UberCore (0.10.0)
  - UberRides (0.10.0):
    - UberCore

DEPENDENCIES:
  - UberCore (from `../../`)
  - UberRides (from `../../`)

EXTERNAL SOURCES:
  UberCore:
    :path: ../../
  UberRides:
    :path: ../../

SPEC CHECKSUMS:
  UberCore: bbeec9cb7b92de9f292df2f8a345f2e290212746
  UberRides: ed61c8d3de1211f0e4b6568d36abc877fdfee2fb

PODFILE CHECKSUM: 1d713d30b94c4238ccc4571330ddf2a95fe4daf5

COCOAPODS: 1.4.0
