PODS:
  - UberCore (0.9.0)
  - UberRides (0.9.0):
    - UberCore

DEPENDENCIES:
  - UberCore (from `../../`)
  - UberRides (from `../../`)

EXTERNAL SOURCES:
  UberCore:
    :path: ../../
  UberRides:
    :path: ../../

SPEC CHECKSUMS:
  UberCore: 89805fdd95ed9d2da27451a48c9375f88fe923a6
  UberRides: 90b7d6f60d01f3afa6e797f58f3ccbde824f90bf

PODFILE CHECKSUM: 245f1d465fbbc4baa291260b541d36e5a0949a0a

COCOAPODS: 1.3.1
