PODS:
  - UberCore (0.10.0)
  - UberRides (0.10.0):
    - UberCore

DEPENDENCIES:
  - UberCore (from `../../`)
  - UberRides (from `../../`)

EXTERNAL SOURCES:
  UberCore:
    :path: ../../
  UberRides:
    :path: ../../

SPEC CHECKSUMS:
  UberCore: bbeec9cb7b92de9f292df2f8a345f2e290212746
  UberRides: ed61c8d3de1211f0e4b6568d36abc877fdfee2fb

PODFILE CHECKSUM: 245f1d465fbbc4baa291260b541d36e5a0949a0a

COCOAPODS: 1.4.0
