// !$*UTF8*$!
{
	archiveVersion = 1;
	classes = {
	};
	objectVersion = 46;
	objects = {

/* Begin PBXBuildFile section */
		B28CE0EC1AFED215005DE60C /* main.m in Sources */ = {isa = PBXBuildFile; fileRef = B28CE0EB1AFED215005DE60C /* main.m */; };
		B28CE0EF1AFED215005DE60C /* AppDelegate.m in Sources */ = {isa = PBXBuildFile; fileRef = B28CE0EE1AFED215005DE60C /* AppDelegate.m */; };
		B28CE0F21AFED215005DE60C /* ViewController.m in Sources */ = {isa = PBXBuildFile; fileRef = B28CE0F11AFED215005DE60C /* ViewController.m */; };
		B28CE0F51AFED215005DE60C /* Main.storyboard in Resources */ = {isa = PBXBuildFile; fileRef = B28CE0F31AFED215005DE60C /* Main.storyboard */; };
		B28CE0F71AFED215005DE60C /* Images.xcassets in Resources */ = {isa = PBXBuildFile; fileRef = B28CE0F61AFED215005DE60C /* Images.xcassets */; };
		B28CE0FA1AFED215005DE60C /* LaunchScreen.xib in Resources */ = {isa = PBXBuildFile; fileRef = B28CE0F81AFED215005DE60C /* LaunchScreen.xib */; };
		B28CE1061AFED215005DE60C /* UberSDK_ExampleTests.m in Sources */ = {isa = PBXBuildFile; fileRef = B28CE1051AFED215005DE60C /* UberSDK_ExampleTests.m */; };
		B28CE1131AFEDF95005DE60C /* UberSDK.framework in Frameworks */ = {isa = PBXBuildFile; fileRef = B28CE1121AFEDF95005DE60C /* UberSDK.framework */; };
/* End PBXBuildFile section */

/* Begin PBXContainerItemProxy section */
		B28CE1001AFED215005DE60C /* PBXContainerItemProxy */ = {
			isa = PBXContainerItemProxy;
			containerPortal = B28CE0DE1AFED215005DE60C /* Project object */;
			proxyType = 1;
			remoteGlobalIDString = B28CE0E51AFED215005DE60C;
			remoteInfo = "UberSDK-Example";
		};
/* End PBXContainerItemProxy section */

/* Begin PBXFileReference section */
		B28CE0E61AFED215005DE60C /* UberSDK-Example.app */ = {isa = PBXFileReference; explicitFileType = wrapper.application; includeInIndex = 0; path = "UberSDK-Example.app"; sourceTree = BUILT_PRODUCTS_DIR; };
		B28CE0EA1AFED215005DE60C /* Info.plist */ = {isa = PBXFileReference; lastKnownFileType = text.plist.xml; path = Info.plist; sourceTree = "<group>"; };
		B28CE0EB1AFED215005DE60C /* main.m */ = {isa = PBXFileReference; lastKnownFileType = sourcecode.c.objc; path = main.m; sourceTree = "<group>"; };
		B28CE0ED1AFED215005DE60C /* AppDelegate.h */ = {isa = PBXFileReference; lastKnownFileType = sourcecode.c.h; path = AppDelegate.h; sourceTree = "<group>"; };
		B28CE0EE1AFED215005DE60C /* AppDelegate.m */ = {isa = PBXFileReference; lastKnownFileType = sourcecode.c.objc; path = AppDelegate.m; sourceTree = "<group>"; };
		B28CE0F01AFED215005DE60C /* ViewController.h */ = {isa = PBXFileReference; lastKnownFileType = sourcecode.c.h; path = ViewController.h; sourceTree = "<group>"; };
		B28CE0F11AFED215005DE60C /* ViewController.m */ = {isa = PBXFileReference; lastKnownFileType = sourcecode.c.objc; path = ViewController.m; sourceTree = "<group>"; };
		B28CE0F41AFED215005DE60C /* Base */ = {isa = PBXFileReference; lastKnownFileType = file.storyboard; name = Base; path = Base.lproj/Main.storyboard; sourceTree = "<group>"; };
		B28CE0F61AFED215005DE60C /* Images.xcassets */ = {isa = PBXFileReference; lastKnownFileType = folder.assetcatalog; path = Images.xcassets; sourceTree = "<group>"; };
		B28CE0F91AFED215005DE60C /* Base */ = {isa = PBXFileReference; lastKnownFileType = file.xib; name = Base; path = Base.lproj/LaunchScreen.xib; sourceTree = "<group>"; };
		B28CE0FF1AFED215005DE60C /* UberSDK-ExampleTests.xctest */ = {isa = PBXFileReference; explicitFileType = wrapper.cfbundle; includeInIndex = 0; path = "UberSDK-ExampleTests.xctest"; sourceTree = BUILT_PRODUCTS_DIR; };
		B28CE1041AFED215005DE60C /* Info.plist */ = {isa = PBXFileReference; lastKnownFileType = text.plist.xml; path = Info.plist; sourceTree = "<group>"; };
		B28CE1051AFED215005DE60C /* UberSDK_ExampleTests.m */ = {isa = PBXFileReference; lastKnownFileType = sourcecode.c.objc; path = UberSDK_ExampleTests.m; sourceTree = "<group>"; };
		B28CE1121AFEDF95005DE60C /* UberSDK.framework */ = {isa = PBXFileReference; lastKnownFileType = wrapper.framework; name = UberSDK.framework; path = "../UberSDK/build/Debug-iphoneos/UberSDK.framework"; sourceTree = "<group>"; };
/* End PBXFileReference section */

/* Begin PBXFrameworksBuildPhase section */
		B28CE0E31AFED215005DE60C /* Frameworks */ = {
			isa = PBXFrameworksBuildPhase;
			buildActionMask = 2147483647;
			files = (
				B28CE1131AFEDF95005DE60C /* UberSDK.framework in Frameworks */,
			);
			runOnlyForDeploymentPostprocessing = 0;
		};
		B28CE0FC1AFED215005DE60C /* Frameworks */ = {
			isa = PBXFrameworksBuildPhase;
			buildActionMask = 2147483647;
			files = (
			);
			runOnlyForDeploymentPostprocessing = 0;
		};
/* End PBXFrameworksBuildPhase section */

/* Begin PBXGroup section */
		B28CE0DD1AFED215005DE60C = {
			isa = PBXGroup;
			children = (
				B28CE0E81AFED215005DE60C /* UberSDK-Example */,
				B28CE1021AFED215005DE60C /* UberSDK-ExampleTests */,
				B28CE0E71AFED215005DE60C /* Products */,
				B28CE1111AFED267005DE60C /* Frameworks */,
			);
			sourceTree = "<group>";
		};
		B28CE0E71AFED215005DE60C /* Products */ = {
			isa = PBXGroup;
			children = (
				B28CE0E61AFED215005DE60C /* UberSDK-Example.app */,
				B28CE0FF1AFED215005DE60C /* UberSDK-ExampleTests.xctest */,
			);
			name = Products;
			sourceTree = "<group>";
		};
		B28CE0E81AFED215005DE60C /* UberSDK-Example */ = {
			isa = PBXGroup;
			children = (
				B28CE0ED1AFED215005DE60C /* AppDelegate.h */,
				B28CE0EE1AFED215005DE60C /* AppDelegate.m */,
				B28CE0F01AFED215005DE60C /* ViewController.h */,
				B28CE0F11AFED215005DE60C /* ViewController.m */,
				B28CE0F31AFED215005DE60C /* Main.storyboard */,
				B28CE0F61AFED215005DE60C /* Images.xcassets */,
				B28CE0F81AFED215005DE60C /* LaunchScreen.xib */,
				B28CE0E91AFED215005DE60C /* Supporting Files */,
			);
			path = "UberSDK-Example";
			sourceTree = "<group>";
		};
		B28CE0E91AFED215005DE60C /* Supporting Files */ = {
			isa = PBXGroup;
			children = (
				B28CE0EA1AFED215005DE60C /* Info.plist */,
				B28CE0EB1AFED215005DE60C /* main.m */,
			);
			name = "Supporting Files";
			sourceTree = "<group>";
		};
		B28CE1021AFED215005DE60C /* UberSDK-ExampleTests */ = {
			isa = PBXGroup;
			children = (
				B28CE1051AFED215005DE60C /* UberSDK_ExampleTests.m */,
				B28CE1031AFED215005DE60C /* Supporting Files */,
			);
			path = "UberSDK-ExampleTests";
			sourceTree = "<group>";
		};
		B28CE1031AFED215005DE60C /* Supporting Files */ = {
			isa = PBXGroup;
			children = (
				B28CE1041AFED215005DE60C /* Info.plist */,
			);
			name = "Supporting Files";
			sourceTree = "<group>";
		};
		B28CE1111AFED267005DE60C /* Frameworks */ = {
			isa = PBXGroup;
			children = (
				B28CE1121AFEDF95005DE60C /* UberSDK.framework */,
			);
			name = Frameworks;
			sourceTree = "<group>";
		};
/* End PBXGroup section */

/* Begin PBXNativeTarget section */
		B28CE0E51AFED215005DE60C /* UberSDK-Example */ = {
			isa = PBXNativeTarget;
			buildConfigurationList = B28CE1091AFED215005DE60C /* Build configuration list for PBXNativeTarget "UberSDK-Example" */;
			buildPhases = (
				B28CE0E21AFED215005DE60C /* Sources */,
				B28CE0E31AFED215005DE60C /* Frameworks */,
				B28CE0E41AFED215005DE60C /* Resources */,
			);
			buildRules = (
			);
			dependencies = (
			);
			name = "UberSDK-Example";
			productName = "UberSDK-Example";
			productReference = B28CE0E61AFED215005DE60C /* UberSDK-Example.app */;
			productType = "com.apple.product-type.application";
		};
		B28CE0FE1AFED215005DE60C /* UberSDK-ExampleTests */ = {
			isa = PBXNativeTarget;
			buildConfigurationList = B28CE10C1AFED215005DE60C /* Build configuration list for PBXNativeTarget "UberSDK-ExampleTests" */;
			buildPhases = (
				B28CE0FB1AFED215005DE60C /* Sources */,
				B28CE0FC1AFED215005DE60C /* Frameworks */,
				B28CE0FD1AFED215005DE60C /* Resources */,
			);
			buildRules = (
			);
			dependencies = (
				B28CE1011AFED215005DE60C /* PBXTargetDependency */,
			);
			name = "UberSDK-ExampleTests";
			productName = "UberSDK-ExampleTests";
			productReference = B28CE0FF1AFED215005DE60C /* UberSDK-ExampleTests.xctest */;
			productType = "com.apple.product-type.bundle.unit-test";
		};
/* End PBXNativeTarget section */

/* Begin PBXProject section */
		B28CE0DE1AFED215005DE60C /* Project object */ = {
			isa = PBXProject;
			attributes = {
				LastUpgradeCheck = 0630;
				ORGANIZATIONNAME = "Uber Technologies, Inc";
				TargetAttributes = {
					B28CE0E51AFED215005DE60C = {
						CreatedOnToolsVersion = 6.3;
					};
					B28CE0FE1AFED215005DE60C = {
						CreatedOnToolsVersion = 6.3;
						TestTargetID = B28CE0E51AFED215005DE60C;
					};
				};
			};
			buildConfigurationList = B28CE0E11AFED215005DE60C /* Build configuration list for PBXProject "UberSDK-Example" */;
			compatibilityVersion = "Xcode 3.2";
			developmentRegion = English;
			hasScannedForEncodings = 0;
			knownRegions = (
				en,
				Base,
			);
			mainGroup = B28CE0DD1AFED215005DE60C;
			productRefGroup = B28CE0E71AFED215005DE60C /* Products */;
			projectDirPath = "";
			projectRoot = "";
			targets = (
				B28CE0E51AFED215005DE60C /* UberSDK-Example */,
				B28CE0FE1AFED215005DE60C /* UberSDK-ExampleTests */,
			);
		};
/* End PBXProject section */

/* Begin PBXResourcesBuildPhase section */
		B28CE0E41AFED215005DE60C /* Resources */ = {
			isa = PBXResourcesBuildPhase;
			buildActionMask = 2147483647;
			files = (
				B28CE0F51AFED215005DE60C /* Main.storyboard in Resources */,
				B28CE0FA1AFED215005DE60C /* LaunchScreen.xib in Resources */,
				B28CE0F71AFED215005DE60C /* Images.xcassets in Resources */,
			);
			runOnlyForDeploymentPostprocessing = 0;
		};
		B28CE0FD1AFED215005DE60C /* Resources */ = {
			isa = PBXResourcesBuildPhase;
			buildActionMask = 2147483647;
			files = (
			);
			runOnlyForDeploymentPostprocessing = 0;
		};
/* End PBXResourcesBuildPhase section */

/* Begin PBXSourcesBuildPhase section */
		B28CE0E21AFED215005DE60C /* Sources */ = {
			isa = PBXSourcesBuildPhase;
			buildActionMask = 2147483647;
			files = (
				B28CE0F21AFED215005DE60C /* ViewController.m in Sources */,
				B28CE0EF1AFED215005DE60C /* AppDelegate.m in Sources */,
				B28CE0EC1AFED215005DE60C /* main.m in Sources */,
			);
			runOnlyForDeploymentPostprocessing = 0;
		};
		B28CE0FB1AFED215005DE60C /* Sources */ = {
			isa = PBXSourcesBuildPhase;
			buildActionMask = 2147483647;
			files = (
				B28CE1061AFED215005DE60C /* UberSDK_ExampleTests.m in Sources */,
			);
			runOnlyForDeploymentPostprocessing = 0;
		};
/* End PBXSourcesBuildPhase section */

/* Begin PBXTargetDependency section */
		B28CE1011AFED215005DE60C /* PBXTargetDependency */ = {
			isa = PBXTargetDependency;
			target = B28CE0E51AFED215005DE60C /* UberSDK-Example */;
			targetProxy = B28CE1001AFED215005DE60C /* PBXContainerItemProxy */;
		};
/* End PBXTargetDependency section */

/* Begin PBXVariantGroup section */
		B28CE0F31AFED215005DE60C /* Main.storyboard */ = {
			isa = PBXVariantGroup;
			children = (
				B28CE0F41AFED215005DE60C /* Base */,
			);
			name = Main.storyboard;
			sourceTree = "<group>";
		};
		B28CE0F81AFED215005DE60C /* LaunchScreen.xib */ = {
			isa = PBXVariantGroup;
			children = (
				B28CE0F91AFED215005DE60C /* Base */,
			);
			name = LaunchScreen.xib;
			sourceTree = "<group>";
		};
/* End PBXVariantGroup section */

/* Begin XCBuildConfiguration section */
		B28CE1071AFED215005DE60C /* Debug */ = {
			isa = XCBuildConfiguration;
			buildSettings = {
				ALWAYS_SEARCH_USER_PATHS = NO;
				CLANG_CXX_LANGUAGE_STANDARD = "gnu++0x";
				CLANG_CXX_LIBRARY = "libc++";
				CLANG_ENABLE_MODULES = YES;
				CLANG_ENABLE_OBJC_ARC = YES;
				CLANG_WARN_BOOL_CONVERSION = YES;
				CLANG_WARN_CONSTANT_CONVERSION = YES;
				CLANG_WARN_DIRECT_OBJC_ISA_USAGE = YES_ERROR;
				CLANG_WARN_EMPTY_BODY = YES;
				CLANG_WARN_ENUM_CONVERSION = YES;
				CLANG_WARN_INT_CONVERSION = YES;
				CLANG_WARN_OBJC_ROOT_CLASS = YES_ERROR;
				CLANG_WARN_UNREACHABLE_CODE = YES;
				CLANG_WARN__DUPLICATE_METHOD_MATCH = YES;
				"CODE_SIGN_IDENTITY[sdk=iphoneos*]" = "iPhone Developer";
				COPY_PHASE_STRIP = NO;
				DEBUG_INFORMATION_FORMAT = "dwarf-with-dsym";
				ENABLE_STRICT_OBJC_MSGSEND = YES;
				GCC_C_LANGUAGE_STANDARD = gnu99;
				GCC_DYNAMIC_NO_PIC = NO;
				GCC_NO_COMMON_BLOCKS = YES;
				GCC_OPTIMIZATION_LEVEL = 0;
				GCC_PREPROCESSOR_DEFINITIONS = (
					"DEBUG=1",
					"$(inherited)",
				);
				GCC_SYMBOLS_PRIVATE_EXTERN = NO;
				GCC_WARN_64_TO_32_BIT_CONVERSION = YES;
				GCC_WARN_ABOUT_RETURN_TYPE = YES_ERROR;
				GCC_WARN_UNDECLARED_SELECTOR = YES;
				GCC_WARN_UNINITIALIZED_AUTOS = YES_AGGRESSIVE;
				GCC_WARN_UNUSED_FUNCTION = YES;
				GCC_WARN_UNUSED_VARIABLE = YES;
				IPHONEOS_DEPLOYMENT_TARGET = 8.3;
				MTL_ENABLE_DEBUG_INFO = YES;
				ONLY_ACTIVE_ARCH = YES;
				SDKROOT = iphoneos;
				TARGETED_DEVICE_FAMILY = "1,2";
			};
			name = Debug;
		};
		B28CE1081AFED215005DE60C /* Release */ = {
			isa = XCBuildConfiguration;
			buildSettings = {
				ALWAYS_SEARCH_USER_PATHS = NO;
				CLANG_CXX_LANGUAGE_STANDARD = "gnu++0x";
				CLANG_CXX_LIBRARY = "libc++";
				CLANG_ENABLE_MODULES = YES;
				CLANG_ENABLE_OBJC_ARC = YES;
				CLANG_WARN_BOOL_CONVERSION = YES;
				CLANG_WARN_CONSTANT_CONVERSION = YES;
				CLANG_WARN_DIRECT_OBJC_ISA_USAGE = YES_ERROR;
				CLANG_WARN_EMPTY_BODY = YES;
				CLANG_WARN_ENUM_CONVERSION = YES;
				CLANG_WARN_INT_CONVERSION = YES;
				CLANG_WARN_OBJC_ROOT_CLASS = YES_ERROR;
				CLANG_WARN_UNREACHABLE_CODE = YES;
				CLANG_WARN__DUPLICATE_METHOD_MATCH = YES;
				"CODE_SIGN_IDENTITY[sdk=iphoneos*]" = "iPhone Developer";
				COPY_PHASE_STRIP = NO;
				DEBUG_INFORMATION_FORMAT = "dwarf-with-dsym";
				ENABLE_NS_ASSERTIONS = NO;
				ENABLE_STRICT_OBJC_MSGSEND = YES;
				GCC_C_LANGUAGE_STANDARD = gnu99;
				GCC_NO_COMMON_BLOCKS = YES;
				GCC_WARN_64_TO_32_BIT_CONVERSION = YES;
				GCC_WARN_ABOUT_RETURN_TYPE = YES_ERROR;
				GCC_WARN_UNDECLARED_SELECTOR = YES;
				GCC_WARN_UNINITIALIZED_AUTOS = YES_AGGRESSIVE;
				GCC_WARN_UNUSED_FUNCTION = YES;
				GCC_WARN_UNUSED_VARIABLE = YES;
				IPHONEOS_DEPLOYMENT_TARGET = 8.3;
				MTL_ENABLE_DEBUG_INFO = NO;
				SDKROOT = iphoneos;
				TARGETED_DEVICE_FAMILY = "1,2";
				VALIDATE_PRODUCT = YES;
			};
			name = Release;
		};
		B28CE10A1AFED215005DE60C /* Debug */ = {
			isa = XCBuildConfiguration;
			buildSettings = {
				ASSETCATALOG_COMPILER_APPICON_NAME = AppIcon;
				INFOPLIST_FILE = "UberSDK-Example/Info.plist";
				LD_RUNPATH_SEARCH_PATHS = "$(inherited) @executable_path/Frameworks";
				PRODUCT_NAME = "$(TARGET_NAME)";
			};
			name = Debug;
		};
		B28CE10B1AFED215005DE60C /* Release */ = {
			isa = XCBuildConfiguration;
			buildSettings = {
				ASSETCATALOG_COMPILER_APPICON_NAME = AppIcon;
				INFOPLIST_FILE = "UberSDK-Example/Info.plist";
				LD_RUNPATH_SEARCH_PATHS = "$(inherited) @executable_path/Frameworks";
				PRODUCT_NAME = "$(TARGET_NAME)";
			};
			name = Release;
		};
		B28CE10D1AFED215005DE60C /* Debug */ = {
			isa = XCBuildConfiguration;
			buildSettings = {
				BUNDLE_LOADER = "$(TEST_HOST)";
				FRAMEWORK_SEARCH_PATHS = (
					"$(SDKROOT)/Developer/Library/Frameworks",
					"$(inherited)",
				);
				GCC_PREPROCESSOR_DEFINITIONS = (
					"DEBUG=1",
					"$(inherited)",
				);
				INFOPLIST_FILE = "UberSDK-ExampleTests/Info.plist";
				LD_RUNPATH_SEARCH_PATHS = "$(inherited) @executable_path/Frameworks @loader_path/Frameworks";
				PRODUCT_NAME = "$(TARGET_NAME)";
				TEST_HOST = "$(BUILT_PRODUCTS_DIR)/UberSDK-Example.app/UberSDK-Example";
			};
			name = Debug;
		};
		B28CE10E1AFED215005DE60C /* Release */ = {
			isa = XCBuildConfiguration;
			buildSettings = {
				BUNDLE_LOADER = "$(TEST_HOST)";
				FRAMEWORK_SEARCH_PATHS = (
					"$(SDKROOT)/Developer/Library/Frameworks",
					"$(inherited)",
				);
				INFOPLIST_FILE = "UberSDK-ExampleTests/Info.plist";
				LD_RUNPATH_SEARCH_PATHS = "$(inherited) @executable_path/Frameworks @loader_path/Frameworks";
				PRODUCT_NAME = "$(TARGET_NAME)";
				TEST_HOST = "$(BUILT_PRODUCTS_DIR)/UberSDK-Example.app/UberSDK-Example";
			};
			name = Release;
		};
/* End XCBuildConfiguration section */

/* Begin XCConfigurationList section */
		B28CE0E11AFED215005DE60C /* Build configuration list for PBXProject "UberSDK-Example" */ = {
			isa = XCConfigurationList;
			buildConfigurations = (
				B28CE1071AFED215005DE60C /* Debug */,
				B28CE1081AFED215005DE60C /* Release */,
			);
			defaultConfigurationIsVisible = 0;
			defaultConfigurationName = Release;
		};
		B28CE1091AFED215005DE60C /* Build configuration list for PBXNativeTarget "UberSDK-Example" */ = {
			isa = XCConfigurationList;
			buildConfigurations = (
				B28CE10A1AFED215005DE60C /* Debug */,
				B28CE10B1AFED215005DE60C /* Release */,
			);
			defaultConfigurationIsVisible = 0;
			defaultConfigurationName = Release;
		};
		B28CE10C1AFED215005DE60C /* Build configuration list for PBXNativeTarget "UberSDK-ExampleTests" */ = {
			isa = XCConfigurationList;
			buildConfigurations = (
				B28CE10D1AFED215005DE60C /* Debug */,
				B28CE10E1AFED215005DE60C /* Release */,
			);
			defaultConfigurationIsVisible = 0;
			defaultConfigurationName = Release;
		};
/* End XCConfigurationList section */
	};
	rootObject = B28CE0DE1AFED215005DE60C /* Project object */;
}
