// !$*UTF8*$!
{
	archiveVersion = 1;
	classes = {
	};
	objectVersion = 46;
	objects = {

/* Begin PBXBuildFile section */
		17A749FA8AA6C774EF2B2FC6 /* libPods-UberSDKTests.a in Frameworks */ = {isa = PBXBuildFile; fileRef = 6587191E263A779383AB7C7C /* libPods-UberSDKTests.a */; };
		9D3016941B2D114C00A3CC61 /* history.json in Resources */ = {isa = PBXBuildFile; fileRef = 9D3016931B2D114C00A3CC61 /* history.json */; };
		9D3016A01B2D207400A3CC61 /* profile.json in Resources */ = {isa = PBXBuildFile; fileRef = 9D30169F1B2D207400A3CC61 /* profile.json */; };
		9D37C4FE1B3005AF00429CD2 /* request.json in Resources */ = {isa = PBXBuildFile; fileRef = 9D37C4FD1B3005AF00429CD2 /* request.json */; };
		9D37C5191B30ED6A00429CD2 /* request_estimate.json in Resources */ = {isa = PBXBuildFile; fileRef = 9D37C5181B30ED6A00429CD2 /* request_estimate.json */; };
		9D37C5231B31009300429CD2 /* receipt.json in Resources */ = {isa = PBXBuildFile; fileRef = 9D37C5221B31009300429CD2 /* receipt.json */; };
		9DC447AF1B16ED65005E60F8 /* products.json in Resources */ = {isa = PBXBuildFile; fileRef = 9DC447AE1B16ED65005E60F8 /* products.json */; };
		9DC447B51B177FC9005E60F8 /* prices.json in Resources */ = {isa = PBXBuildFile; fileRef = 9DC447B41B177FC9005E60F8 /* prices.json */; };
		9DC447BB1B178C35005E60F8 /* times.json in Resources */ = {isa = PBXBuildFile; fileRef = 9DC447BA1B178C35005E60F8 /* times.json */; };
		9DC447C11B179312005E60F8 /* promotions.json in Resources */ = {isa = PBXBuildFile; fileRef = 9DC447C01B179312005E60F8 /* promotions.json */; };
		9DCA41021B3F7A9B006DC191 /* UBUtilsTests.m in Sources */ = {isa = PBXBuildFile; fileRef = 9DCA41011B3F7A9B006DC191 /* UBUtilsTests.m */; };
		9DCA41081B3FBC26006DC191 /* UBOAuthTokenTests.m in Sources */ = {isa = PBXBuildFile; fileRef = 9DCA41071B3FBC26006DC191 /* UBOAuthTokenTests.m */; };
		9DCA410A1B3FC440006DC191 /* access_token.json in Resources */ = {isa = PBXBuildFile; fileRef = 9DCA41091B3FC440006DC191 /* access_token.json */; };
		9DCA41101B3FC55E006DC191 /* OHHTTPStubs+UberSDKTests.m in Sources */ = {isa = PBXBuildFile; fileRef = 9DCA410F1B3FC55E006DC191 /* OHHTTPStubs+UberSDKTests.m */; };
		9DF0F6A51B02DC220073DD8D /* NSString+UberSDKTests.m in Sources */ = {isa = PBXBuildFile; fileRef = 9DF0F6A41B02DC220073DD8D /* NSString+UberSDKTests.m */; };
		B2910B1E1AF81332003421B6 /* UberAPIClientTests.m in Sources */ = {isa = PBXBuildFile; fileRef = B2910B1D1AF81332003421B6 /* UberAPIClientTests.m */; };
/* End PBXBuildFile section */

/* Begin PBXFileReference section */
		6090402D2AEBEF69EF08BC5E /* Pods-UberSDKTests.release.xcconfig */ = {isa = PBXFileReference; includeInIndex = 1; lastKnownFileType = text.xcconfig; name = "Pods-UberSDKTests.release.xcconfig"; path = "../Pods/Target Support Files/Pods-UberSDKTests/Pods-UberSDKTests.release.xcconfig"; sourceTree = "<group>"; };
		6587191E263A779383AB7C7C /* libPods-UberSDKTests.a */ = {isa = PBXFileReference; explicitFileType = archive.ar; includeInIndex = 0; path = "libPods-UberSDKTests.a"; sourceTree = BUILT_PRODUCTS_DIR; };
		9D3016931B2D114C00A3CC61 /* history.json */ = {isa = PBXFileReference; fileEncoding = 4; lastKnownFileType = text.json; path = history.json; sourceTree = "<group>"; };
		9D30169F1B2D207400A3CC61 /* profile.json */ = {isa = PBXFileReference; fileEncoding = 4; lastKnownFileType = text.json; path = profile.json; sourceTree = "<group>"; };
		9D37C4FD1B3005AF00429CD2 /* request.json */ = {isa = PBXFileReference; fileEncoding = 4; lastKnownFileType = text.json; path = request.json; sourceTree = "<group>"; };
		9D37C5181B30ED6A00429CD2 /* request_estimate.json */ = {isa = PBXFileReference; fileEncoding = 4; lastKnownFileType = text.json; path = request_estimate.json; sourceTree = "<group>"; };
		9D37C5221B31009300429CD2 /* receipt.json */ = {isa = PBXFileReference; fileEncoding = 4; lastKnownFileType = text.json; path = receipt.json; sourceTree = "<group>"; };
		9DC447AE1B16ED65005E60F8 /* products.json */ = {isa = PBXFileReference; fileEncoding = 4; lastKnownFileType = text.json; path = products.json; sourceTree = "<group>"; };
		9DC447B41B177FC9005E60F8 /* prices.json */ = {isa = PBXFileReference; fileEncoding = 4; lastKnownFileType = text.json; path = prices.json; sourceTree = "<group>"; };
		9DC447BA1B178C35005E60F8 /* times.json */ = {isa = PBXFileReference; fileEncoding = 4; lastKnownFileType = text.json; path = times.json; sourceTree = "<group>"; };
		9DC447C01B179312005E60F8 /* promotions.json */ = {isa = PBXFileReference; fileEncoding = 4; lastKnownFileType = text.json; path = promotions.json; sourceTree = "<group>"; };
		9DCA41011B3F7A9B006DC191 /* UBUtilsTests.m */ = {isa = PBXFileReference; fileEncoding = 4; lastKnownFileType = sourcecode.c.objc; path = UBUtilsTests.m; sourceTree = "<group>"; };
		9DCA41071B3FBC26006DC191 /* UBOAuthTokenTests.m */ = {isa = PBXFileReference; fileEncoding = 4; lastKnownFileType = sourcecode.c.objc; path = UBOAuthTokenTests.m; sourceTree = "<group>"; };
		9DCA41091B3FC440006DC191 /* access_token.json */ = {isa = PBXFileReference; fileEncoding = 4; lastKnownFileType = text.json; path = access_token.json; sourceTree = "<group>"; };
		9DCA410E1B3FC55E006DC191 /* OHHTTPStubs+UberSDKTests.h */ = {isa = PBXFileReference; fileEncoding = 4; lastKnownFileType = sourcecode.c.h; path = "OHHTTPStubs+UberSDKTests.h"; sourceTree = "<group>"; };
		9DCA410F1B3FC55E006DC191 /* OHHTTPStubs+UberSDKTests.m */ = {isa = PBXFileReference; fileEncoding = 4; lastKnownFileType = sourcecode.c.objc; path = "OHHTTPStubs+UberSDKTests.m"; sourceTree = "<group>"; };
		9DF0F6A41B02DC220073DD8D /* NSString+UberSDKTests.m */ = {isa = PBXFileReference; fileEncoding = 4; lastKnownFileType = sourcecode.c.objc; path = "NSString+UberSDKTests.m"; sourceTree = "<group>"; };
		B24F30671B4CB9DB005FF866 /* UBPriceDetailServiceFee.h */ = {isa = PBXFileReference; lastKnownFileType = sourcecode.c.h; path = UBPriceDetailServiceFee.h; sourceTree = "<group>"; };
		B24F30681B4CB9DB005FF866 /* UBPriceDetailServiceFee.m */ = {isa = PBXFileReference; lastKnownFileType = sourcecode.c.objc; path = UBPriceDetailServiceFee.m; sourceTree = "<group>"; };
		B24F30691B4CB9DB005FF866 /* UBProduct.h */ = {isa = PBXFileReference; lastKnownFileType = sourcecode.c.h; path = UBProduct.h; sourceTree = "<group>"; };
		B24F306A1B4CB9DB005FF866 /* UBProduct.m */ = {isa = PBXFileReference; lastKnownFileType = sourcecode.c.objc; path = UBProduct.m; sourceTree = "<group>"; };
		B24F306B1B4CB9DB005FF866 /* UBProductPriceDetail.h */ = {isa = PBXFileReference; lastKnownFileType = sourcecode.c.h; path = UBProductPriceDetail.h; sourceTree = "<group>"; };
		B24F306C1B4CB9DB005FF866 /* UBProductPriceDetail.m */ = {isa = PBXFileReference; lastKnownFileType = sourcecode.c.objc; path = UBProductPriceDetail.m; sourceTree = "<group>"; };
		B24F306E1B4CB9DB005FF866 /* UBRide.h */ = {isa = PBXFileReference; lastKnownFileType = sourcecode.c.h; path = UBRide.h; sourceTree = "<group>"; };
		B24F306F1B4CB9DB005FF866 /* UBRide.m */ = {isa = PBXFileReference; lastKnownFileType = sourcecode.c.objc; path = UBRide.m; sourceTree = "<group>"; };
		B24F30701B4CB9DB005FF866 /* UBRideDriver.h */ = {isa = PBXFileReference; lastKnownFileType = sourcecode.c.h; path = UBRideDriver.h; sourceTree = "<group>"; };
		B24F30711B4CB9DB005FF866 /* UBRideDriver.m */ = {isa = PBXFileReference; lastKnownFileType = sourcecode.c.objc; path = UBRideDriver.m; sourceTree = "<group>"; };
		B24F30721B4CB9DB005FF866 /* UBRideLocation.h */ = {isa = PBXFileReference; lastKnownFileType = sourcecode.c.h; path = UBRideLocation.h; sourceTree = "<group>"; };
		B24F30731B4CB9DB005FF866 /* UBRideLocation.m */ = {isa = PBXFileReference; lastKnownFileType = sourcecode.c.objc; path = UBRideLocation.m; sourceTree = "<group>"; };
		B24F30741B4CB9DB005FF866 /* UBRideVehicle.h */ = {isa = PBXFileReference; lastKnownFileType = sourcecode.c.h; path = UBRideVehicle.h; sourceTree = "<group>"; };
		B24F30751B4CB9DB005FF866 /* UBRideVehicle.m */ = {isa = PBXFileReference; lastKnownFileType = sourcecode.c.objc; path = UBRideVehicle.m; sourceTree = "<group>"; };
		B24F30771B4CB9DB005FF866 /* UBRideEstimate.h */ = {isa = PBXFileReference; lastKnownFileType = sourcecode.c.h; path = UBRideEstimate.h; sourceTree = "<group>"; };
		B24F30781B4CB9DB005FF866 /* UBRideEstimate.m */ = {isa = PBXFileReference; lastKnownFileType = sourcecode.c.objc; path = UBRideEstimate.m; sourceTree = "<group>"; };
		B24F30791B4CB9DB005FF866 /* UBRideEstimatePrice.h */ = {isa = PBXFileReference; lastKnownFileType = sourcecode.c.h; path = UBRideEstimatePrice.h; sourceTree = "<group>"; };
		B24F307A1B4CB9DB005FF866 /* UBRideEstimatePrice.m */ = {isa = PBXFileReference; lastKnownFileType = sourcecode.c.objc; path = UBRideEstimatePrice.m; sourceTree = "<group>"; };
		B24F307B1B4CB9DB005FF866 /* UBRideEstimateTrip.h */ = {isa = PBXFileReference; lastKnownFileType = sourcecode.c.h; path = UBRideEstimateTrip.h; sourceTree = "<group>"; };
		B24F307C1B4CB9DB005FF866 /* UBRideEstimateTrip.m */ = {isa = PBXFileReference; lastKnownFileType = sourcecode.c.objc; path = UBRideEstimateTrip.m; sourceTree = "<group>"; };
		B24F307E1B4CB9DB005FF866 /* UBRideReceipt.h */ = {isa = PBXFileReference; lastKnownFileType = sourcecode.c.h; path = UBRideReceipt.h; sourceTree = "<group>"; };
		B24F307F1B4CB9DB005FF866 /* UBRideReceipt.m */ = {isa = PBXFileReference; lastKnownFileType = sourcecode.c.objc; path = UBRideReceipt.m; sourceTree = "<group>"; };
		B24F30801B4CB9DB005FF866 /* UBRideReceiptCharge.h */ = {isa = PBXFileReference; lastKnownFileType = sourcecode.c.h; path = UBRideReceiptCharge.h; sourceTree = "<group>"; };
		B24F30811B4CB9DB005FF866 /* UBRideReceiptCharge.m */ = {isa = PBXFileReference; lastKnownFileType = sourcecode.c.objc; path = UBRideReceiptCharge.m; sourceTree = "<group>"; };
		B24F30821B4CB9DB005FF866 /* UBPriceEstimate.h */ = {isa = PBXFileReference; lastKnownFileType = sourcecode.c.h; path = UBPriceEstimate.h; sourceTree = "<group>"; };
		B24F30831B4CB9DB005FF866 /* UBPriceEstimate.m */ = {isa = PBXFileReference; lastKnownFileType = sourcecode.c.objc; path = UBPriceEstimate.m; sourceTree = "<group>"; };
		B24F30841B4CB9DB005FF866 /* UBPromotion.h */ = {isa = PBXFileReference; lastKnownFileType = sourcecode.c.h; path = UBPromotion.h; sourceTree = "<group>"; };
		B24F30851B4CB9DC005FF866 /* UBPromotion.m */ = {isa = PBXFileReference; lastKnownFileType = sourcecode.c.objc; path = UBPromotion.m; sourceTree = "<group>"; };
		B24F30861B4CB9DC005FF866 /* UBSurgeConfirmation.h */ = {isa = PBXFileReference; lastKnownFileType = sourcecode.c.h; path = UBSurgeConfirmation.h; sourceTree = "<group>"; };
		B24F30871B4CB9DC005FF866 /* UBSurgeConfirmation.m */ = {isa = PBXFileReference; lastKnownFileType = sourcecode.c.objc; path = UBSurgeConfirmation.m; sourceTree = "<group>"; };
		B24F30881B4CB9DC005FF866 /* UBTimeEstimate.h */ = {isa = PBXFileReference; lastKnownFileType = sourcecode.c.h; path = UBTimeEstimate.h; sourceTree = "<group>"; };
		B24F30891B4CB9DC005FF866 /* UBTimeEstimate.m */ = {isa = PBXFileReference; lastKnownFileType = sourcecode.c.objc; path = UBTimeEstimate.m; sourceTree = "<group>"; };
		B24F308A1B4CB9DC005FF866 /* UBUserProfile.h */ = {isa = PBXFileReference; lastKnownFileType = sourcecode.c.h; path = UBUserProfile.h; sourceTree = "<group>"; };
		B24F308B1B4CB9DC005FF866 /* UBUserProfile.m */ = {isa = PBXFileReference; lastKnownFileType = sourcecode.c.objc; path = UBUserProfile.m; sourceTree = "<group>"; };
		B24F308D1B4CB9DC005FF866 /* UBUserActivity.h */ = {isa = PBXFileReference; lastKnownFileType = sourcecode.c.h; path = UBUserActivity.h; sourceTree = "<group>"; };
		B24F308E1B4CB9DC005FF866 /* UBUserActivity.m */ = {isa = PBXFileReference; lastKnownFileType = sourcecode.c.objc; path = UBUserActivity.m; sourceTree = "<group>"; };
		B24F308F1B4CB9DC005FF866 /* UBUserActivityCity.h */ = {isa = PBXFileReference; lastKnownFileType = sourcecode.c.h; path = UBUserActivityCity.h; sourceTree = "<group>"; };
		B24F30901B4CB9DC005FF866 /* UBUserActivityCity.m */ = {isa = PBXFileReference; lastKnownFileType = sourcecode.c.objc; path = UBUserActivityCity.m; sourceTree = "<group>"; };
		B24F30911B4CB9DC005FF866 /* UberAPIClient.h */ = {isa = PBXFileReference; lastKnownFileType = sourcecode.c.h; name = UberAPIClient.h; path = REST/Classes/UberAPIClient.h; sourceTree = "<group>"; };
		B24F30921B4CB9DC005FF866 /* UberAPIClient.m */ = {isa = PBXFileReference; lastKnownFileType = sourcecode.c.objc; name = UberAPIClient.m; path = REST/Classes/UberAPIClient.m; sourceTree = "<group>"; };
		B24F30961B4CB9F5005FF866 /* NSString+UberSDK.h */ = {isa = PBXFileReference; lastKnownFileType = sourcecode.c.h; name = "NSString+UberSDK.h"; path = "Classes/NSString+UberSDK.h"; sourceTree = "<group>"; };
		B24F30971B4CB9F5005FF866 /* NSString+UberSDK.m */ = {isa = PBXFileReference; lastKnownFileType = sourcecode.c.objc; name = "NSString+UberSDK.m"; path = "Classes/NSString+UberSDK.m"; sourceTree = "<group>"; };
		B24F30981B4CB9F5005FF866 /* UBOAuthToken.h */ = {isa = PBXFileReference; lastKnownFileType = sourcecode.c.h; name = UBOAuthToken.h; path = Classes/UBOAuthToken.h; sourceTree = "<group>"; };
		B24F30991B4CB9F5005FF866 /* UBOAuthToken.m */ = {isa = PBXFileReference; lastKnownFileType = sourcecode.c.objc; name = UBOAuthToken.m; path = Classes/UBOAuthToken.m; sourceTree = "<group>"; };
		B24F309A1B4CB9F5005FF866 /* UBUtils.h */ = {isa = PBXFileReference; lastKnownFileType = sourcecode.c.h; name = UBUtils.h; path = Classes/UBUtils.h; sourceTree = "<group>"; };
		B24F309B1B4CB9F5005FF866 /* UBUtils.m */ = {isa = PBXFileReference; lastKnownFileType = sourcecode.c.objc; name = UBUtils.m; path = Classes/UBUtils.m; sourceTree = "<group>"; };
		B24F309D1B4CBA07005FF866 /* UBOAuthWebViewController.h */ = {isa = PBXFileReference; lastKnownFileType = sourcecode.c.h; path = UBOAuthWebViewController.h; sourceTree = "<group>"; };
		B24F309E1B4CBA07005FF866 /* UBOAuthWebViewController.m */ = {isa = PBXFileReference; lastKnownFileType = sourcecode.c.objc; path = UBOAuthWebViewController.m; sourceTree = "<group>"; };
		B24F30A01B4CBD91005FF866 /* UBSurgeConfirmViewController.h */ = {isa = PBXFileReference; lastKnownFileType = sourcecode.c.h; path = UBSurgeConfirmViewController.h; sourceTree = "<group>"; };
		B24F30A11B4CBD91005FF866 /* UBSurgeConfirmViewController.m */ = {isa = PBXFileReference; lastKnownFileType = sourcecode.c.objc; path = UBSurgeConfirmViewController.m; sourceTree = "<group>"; };
		B2910B0F1AF81332003421B6 /* Info.plist */ = {isa = PBXFileReference; lastKnownFileType = text.plist.xml; path = Info.plist; sourceTree = "<group>"; };
		B2910B101AF81332003421B6 /* UberSDK.h */ = {isa = PBXFileReference; lastKnownFileType = sourcecode.c.h; path = UberSDK.h; sourceTree = "<group>"; };
		B2910B161AF81332003421B6 /* UberSDKTests.xctest */ = {isa = PBXFileReference; explicitFileType = wrapper.cfbundle; includeInIndex = 0; path = UberSDKTests.xctest; sourceTree = BUILT_PRODUCTS_DIR; };
		B2910B1C1AF81332003421B6 /* Info.plist */ = {isa = PBXFileReference; lastKnownFileType = text.plist.xml; path = Info.plist; sourceTree = "<group>"; };
		B2910B1D1AF81332003421B6 /* UberAPIClientTests.m */ = {isa = PBXFileReference; lastKnownFileType = sourcecode.c.objc; path = UberAPIClientTests.m; sourceTree = "<group>"; };
		E1EC4A2E9501DF6DF9A3ECA6 /* Pods-UberSDKTests.debug.xcconfig */ = {isa = PBXFileReference; includeInIndex = 1; lastKnownFileType = text.xcconfig; name = "Pods-UberSDKTests.debug.xcconfig"; path = "../Pods/Target Support Files/Pods-UberSDKTests/Pods-UberSDKTests.debug.xcconfig"; sourceTree = "<group>"; };
/* End PBXFileReference section */

/* Begin PBXFrameworksBuildPhase section */
		B2910B131AF81332003421B6 /* Frameworks */ = {
			isa = PBXFrameworksBuildPhase;
			buildActionMask = 2147483647;
			files = (
				17A749FA8AA6C774EF2B2FC6 /* libPods-UberSDKTests.a in Frameworks */,
			);
			runOnlyForDeploymentPostprocessing = 0;
		};
/* End PBXFrameworksBuildPhase section */

/* Begin PBXGroup section */
		208B35FA5248F4C21F9C16F2 /* Pods */ = {
			isa = PBXGroup;
			children = (
				E1EC4A2E9501DF6DF9A3ECA6 /* Pods-UberSDKTests.debug.xcconfig */,
				6090402D2AEBEF69EF08BC5E /* Pods-UberSDKTests.release.xcconfig */,
			);
			name = Pods;
			sourceTree = "<group>";
		};
		9DC447AD1B16ED45005E60F8 /* MockResponses */ = {
			isa = PBXGroup;
			children = (
				9DC447AE1B16ED65005E60F8 /* products.json */,
				9DC447B41B177FC9005E60F8 /* prices.json */,
				9DC447BA1B178C35005E60F8 /* times.json */,
				9DC447C01B179312005E60F8 /* promotions.json */,
				9D3016931B2D114C00A3CC61 /* history.json */,
				9D30169F1B2D207400A3CC61 /* profile.json */,
				9D37C4FD1B3005AF00429CD2 /* request.json */,
				9D37C5181B30ED6A00429CD2 /* request_estimate.json */,
				9D37C5221B31009300429CD2 /* receipt.json */,
				9DCA41091B3FC440006DC191 /* access_token.json */,
			);
			name = MockResponses;
			sourceTree = "<group>";
		};
		9DF0F6A61B02DF250073DD8D /* REST */ = {
			isa = PBXGroup;
			children = (
				B24F309F1B4CBD91005FF866 /* iOS */,
				B24F30651B4CB9DB005FF866 /* Models */,
				B24F30911B4CB9DC005FF866 /* UberAPIClient.h */,
				B24F30921B4CB9DC005FF866 /* UberAPIClient.m */,
			);
			name = REST;
			sourceTree = "<group>";
		};
		B170A236AD3E17A3467DC14E /* Frameworks */ = {
			isa = PBXGroup;
			children = (
				6587191E263A779383AB7C7C /* libPods-UberSDKTests.a */,
			);
			name = Frameworks;
			sourceTree = "<group>";
		};
		B24F30651B4CB9DB005FF866 /* Models */ = {
			isa = PBXGroup;
			children = (
				B24F30661B4CB9DB005FF866 /* Product */,
				B24F306D1B4CB9DB005FF866 /* Ride */,
				B24F30761B4CB9DB005FF866 /* Ride Estimate */,
				B24F307D1B4CB9DB005FF866 /* Ride Receipt */,
				B24F30821B4CB9DB005FF866 /* UBPriceEstimate.h */,
				B24F30831B4CB9DB005FF866 /* UBPriceEstimate.m */,
				B24F30841B4CB9DB005FF866 /* UBPromotion.h */,
				B24F30851B4CB9DC005FF866 /* UBPromotion.m */,
				B24F30861B4CB9DC005FF866 /* UBSurgeConfirmation.h */,
				B24F30871B4CB9DC005FF866 /* UBSurgeConfirmation.m */,
				B24F30881B4CB9DC005FF866 /* UBTimeEstimate.h */,
				B24F30891B4CB9DC005FF866 /* UBTimeEstimate.m */,
				B24F308A1B4CB9DC005FF866 /* UBUserProfile.h */,
				B24F308B1B4CB9DC005FF866 /* UBUserProfile.m */,
				B24F308C1B4CB9DC005FF866 /* User Activity */,
			);
			name = Models;
			path = REST/Classes/Models;
			sourceTree = "<group>";
		};
		B24F30661B4CB9DB005FF866 /* Product */ = {
			isa = PBXGroup;
			children = (
				B24F30671B4CB9DB005FF866 /* UBPriceDetailServiceFee.h */,
				B24F30681B4CB9DB005FF866 /* UBPriceDetailServiceFee.m */,
				B24F30691B4CB9DB005FF866 /* UBProduct.h */,
				B24F306A1B4CB9DB005FF866 /* UBProduct.m */,
				B24F306B1B4CB9DB005FF866 /* UBProductPriceDetail.h */,
				B24F306C1B4CB9DB005FF866 /* UBProductPriceDetail.m */,
			);
			path = Product;
			sourceTree = "<group>";
		};
		B24F306D1B4CB9DB005FF866 /* Ride */ = {
			isa = PBXGroup;
			children = (
				B24F306E1B4CB9DB005FF866 /* UBRide.h */,
				B24F306F1B4CB9DB005FF866 /* UBRide.m */,
				B24F30701B4CB9DB005FF866 /* UBRideDriver.h */,
				B24F30711B4CB9DB005FF866 /* UBRideDriver.m */,
				B24F30721B4CB9DB005FF866 /* UBRideLocation.h */,
				B24F30731B4CB9DB005FF866 /* UBRideLocation.m */,
				B24F30741B4CB9DB005FF866 /* UBRideVehicle.h */,
				B24F30751B4CB9DB005FF866 /* UBRideVehicle.m */,
			);
			path = Ride;
			sourceTree = "<group>";
		};
		B24F30761B4CB9DB005FF866 /* Ride Estimate */ = {
			isa = PBXGroup;
			children = (
				B24F30771B4CB9DB005FF866 /* UBRideEstimate.h */,
				B24F30781B4CB9DB005FF866 /* UBRideEstimate.m */,
				B24F30791B4CB9DB005FF866 /* UBRideEstimatePrice.h */,
				B24F307A1B4CB9DB005FF866 /* UBRideEstimatePrice.m */,
				B24F307B1B4CB9DB005FF866 /* UBRideEstimateTrip.h */,
				B24F307C1B4CB9DB005FF866 /* UBRideEstimateTrip.m */,
			);
			path = "Ride Estimate";
			sourceTree = "<group>";
		};
		B24F307D1B4CB9DB005FF866 /* Ride Receipt */ = {
			isa = PBXGroup;
			children = (
				B24F307E1B4CB9DB005FF866 /* UBRideReceipt.h */,
				B24F307F1B4CB9DB005FF866 /* UBRideReceipt.m */,
				B24F30801B4CB9DB005FF866 /* UBRideReceiptCharge.h */,
				B24F30811B4CB9DB005FF866 /* UBRideReceiptCharge.m */,
			);
			path = "Ride Receipt";
			sourceTree = "<group>";
		};
		B24F308C1B4CB9DC005FF866 /* User Activity */ = {
			isa = PBXGroup;
			children = (
				B24F308D1B4CB9DC005FF866 /* UBUserActivity.h */,
				B24F308E1B4CB9DC005FF866 /* UBUserActivity.m */,
				B24F308F1B4CB9DC005FF866 /* UBUserActivityCity.h */,
				B24F30901B4CB9DC005FF866 /* UBUserActivityCity.m */,
			);
			path = "User Activity";
			sourceTree = "<group>";
		};
		B24F309C1B4CBA07005FF866 /* iOS */ = {
			isa = PBXGroup;
			children = (
				B24F309D1B4CBA07005FF866 /* UBOAuthWebViewController.h */,
				B24F309E1B4CBA07005FF866 /* UBOAuthWebViewController.m */,
			);
			name = iOS;
			path = Classes/iOS;
			sourceTree = "<group>";
		};
		B24F309F1B4CBD91005FF866 /* iOS */ = {
			isa = PBXGroup;
			children = (
				B24F30A01B4CBD91005FF866 /* UBSurgeConfirmViewController.h */,
				B24F30A11B4CBD91005FF866 /* UBSurgeConfirmViewController.m */,
			);
			name = iOS;
			path = REST/Classes/iOS;
			sourceTree = "<group>";
		};
		B28CE0CB1AFECF7F005DE60C /* OAuth2 */ = {
			isa = PBXGroup;
			children = (
				B24F309C1B4CBA07005FF866 /* iOS */,
			);
			path = OAuth2;
			sourceTree = "<group>";
		};
		B28CE0DB1AFECF8C005DE60C /* Core */ = {
			isa = PBXGroup;
			children = (
				B24F30961B4CB9F5005FF866 /* NSString+UberSDK.h */,
				B24F30971B4CB9F5005FF866 /* NSString+UberSDK.m */,
				B24F30981B4CB9F5005FF866 /* UBOAuthToken.h */,
				B24F30991B4CB9F5005FF866 /* UBOAuthToken.m */,
				B24F309A1B4CB9F5005FF866 /* UBUtils.h */,
				B24F309B1B4CB9F5005FF866 /* UBUtils.m */,
			);
			path = Core;
			sourceTree = "<group>";
		};
		B2910B011AF81332003421B6 = {
			isa = PBXGroup;
			children = (
				B2910B0D1AF81332003421B6 /* UberSDK */,
				B2910B1A1AF81332003421B6 /* UberSDKTests */,
				B2910B0C1AF81332003421B6 /* Products */,
				B170A236AD3E17A3467DC14E /* Frameworks */,
				208B35FA5248F4C21F9C16F2 /* Pods */,
			);
			sourceTree = "<group>";
		};
		B2910B0C1AF81332003421B6 /* Products */ = {
			isa = PBXGroup;
			children = (
				B2910B161AF81332003421B6 /* UberSDKTests.xctest */,
			);
			name = Products;
			sourceTree = "<group>";
		};
		B2910B0D1AF81332003421B6 /* UberSDK */ = {
			isa = PBXGroup;
			children = (
				9DF0F6A61B02DF250073DD8D /* REST */,
				B28CE0DB1AFECF8C005DE60C /* Core */,
				B28CE0CB1AFECF7F005DE60C /* OAuth2 */,
				B2910B101AF81332003421B6 /* UberSDK.h */,
				B2910B0E1AF81332003421B6 /* Supporting Files */,
			);
			path = UberSDK;
			sourceTree = "<group>";
		};
		B2910B0E1AF81332003421B6 /* Supporting Files */ = {
			isa = PBXGroup;
			children = (
				B2910B0F1AF81332003421B6 /* Info.plist */,
			);
			name = "Supporting Files";
			sourceTree = "<group>";
		};
		B2910B1A1AF81332003421B6 /* UberSDKTests */ = {
			isa = PBXGroup;
			children = (
				9DC447AD1B16ED45005E60F8 /* MockResponses */,
				B2910B1B1AF81332003421B6 /* Supporting Files */,
				B2910B1D1AF81332003421B6 /* UberAPIClientTests.m */,
				9DF0F6A41B02DC220073DD8D /* NSString+UberSDKTests.m */,
				9DCA41011B3F7A9B006DC191 /* UBUtilsTests.m */,
				9DCA41071B3FBC26006DC191 /* UBOAuthTokenTests.m */,
				9DCA410E1B3FC55E006DC191 /* OHHTTPStubs+UberSDKTests.h */,
				9DCA410F1B3FC55E006DC191 /* OHHTTPStubs+UberSDKTests.m */,
			);
			path = UberSDKTests;
			sourceTree = "<group>";
		};
		B2910B1B1AF81332003421B6 /* Supporting Files */ = {
			isa = PBXGroup;
			children = (
				B2910B1C1AF81332003421B6 /* Info.plist */,
			);
			name = "Supporting Files";
			sourceTree = "<group>";
		};
/* End PBXGroup section */

/* Begin PBXNativeTarget section */
		B2910B151AF81332003421B6 /* UberSDKTests */ = {
			isa = PBXNativeTarget;
			buildConfigurationList = B2910B241AF81332003421B6 /* Build configuration list for PBXNativeTarget "UberSDKTests" */;
			buildPhases = (
				12CCDF6FCDA13EF9F871DED4 /* Check Pods Manifest.lock */,
				B2910B121AF81332003421B6 /* Sources */,
				B2910B131AF81332003421B6 /* Frameworks */,
				B2910B141AF81332003421B6 /* Resources */,
				FF2CA2AFF6F3ABEA34849CA1 /* Copy Pods Resources */,
			);
			buildRules = (
			);
			dependencies = (
			);
			name = UberSDKTests;
			productName = UberSDKTests;
			productReference = B2910B161AF81332003421B6 /* UberSDKTests.xctest */;
			productType = "com.apple.product-type.bundle.unit-test";
		};
/* End PBXNativeTarget section */

/* Begin PBXProject section */
		B2910B021AF81332003421B6 /* Project object */ = {
			isa = PBXProject;
			attributes = {
				CLASSPREFIX = UB;
				LastUpgradeCheck = 0630;
				ORGANIZATIONNAME = "Uber Technolgies, Inc";
				TargetAttributes = {
					B2910B151AF81332003421B6 = {
						CreatedOnToolsVersion = 6.3;
					};
				};
			};
			buildConfigurationList = B2910B051AF81332003421B6 /* Build configuration list for PBXProject "UberSDK" */;
			compatibilityVersion = "Xcode 3.2";
			developmentRegion = English;
			hasScannedForEncodings = 0;
			knownRegions = (
				en,
			);
			mainGroup = B2910B011AF81332003421B6;
			productRefGroup = B2910B0C1AF81332003421B6 /* Products */;
			projectDirPath = "";
			projectRoot = "";
			targets = (
				B2910B151AF81332003421B6 /* UberSDKTests */,
			);
		};
/* End PBXProject section */

/* Begin PBXResourcesBuildPhase section */
		B2910B141AF81332003421B6 /* Resources */ = {
			isa = PBXResourcesBuildPhase;
			buildActionMask = 2147483647;
			files = (
				9DC447BB1B178C35005E60F8 /* times.json in Resources */,
				9D37C5231B31009300429CD2 /* receipt.json in Resources */,
				9D37C5191B30ED6A00429CD2 /* request_estimate.json in Resources */,
				9DC447C11B179312005E60F8 /* promotions.json in Resources */,
				9D3016941B2D114C00A3CC61 /* history.json in Resources */,
				9DCA410A1B3FC440006DC191 /* access_token.json in Resources */,
				9D37C4FE1B3005AF00429CD2 /* request.json in Resources */,
				9D3016A01B2D207400A3CC61 /* profile.json in Resources */,
				9DC447AF1B16ED65005E60F8 /* products.json in Resources */,
				9DC447B51B177FC9005E60F8 /* prices.json in Resources */,
			);
			runOnlyForDeploymentPostprocessing = 0;
		};
/* End PBXResourcesBuildPhase section */

/* Begin PBXShellScriptBuildPhase section */
		12CCDF6FCDA13EF9F871DED4 /* Check Pods Manifest.lock */ = {
			isa = PBXShellScriptBuildPhase;
			buildActionMask = 2147483647;
			files = (
			);
			inputPaths = (
			);
			name = "Check Pods Manifest.lock";
			outputPaths = (
			);
			runOnlyForDeploymentPostprocessing = 0;
			shellPath = /bin/sh;
			shellScript = "diff \"${PODS_ROOT}/../Podfile.lock\" \"${PODS_ROOT}/Manifest.lock\" > /dev/null\nif [[ $? != 0 ]] ; then\n    cat << EOM\nerror: The sandbox is not in sync with the Podfile.lock. Run 'pod install' or update your CocoaPods installation.\nEOM\n    exit 1\nfi\n";
			showEnvVarsInLog = 0;
		};
		FF2CA2AFF6F3ABEA34849CA1 /* Copy Pods Resources */ = {
			isa = PBXShellScriptBuildPhase;
			buildActionMask = 2147483647;
			files = (
			);
			inputPaths = (
			);
			name = "Copy Pods Resources";
			outputPaths = (
			);
			runOnlyForDeploymentPostprocessing = 0;
			shellPath = /bin/sh;
			shellScript = "\"${SRCROOT}/../Pods/Target Support Files/Pods-UberSDKTests/Pods-UberSDKTests-resources.sh\"\n";
			showEnvVarsInLog = 0;
		};
/* End PBXShellScriptBuildPhase section */

/* Begin PBXSourcesBuildPhase section */
		B2910B121AF81332003421B6 /* Sources */ = {
			isa = PBXSourcesBuildPhase;
			buildActionMask = 2147483647;
			files = (
				9DF0F6A51B02DC220073DD8D /* NSString+UberSDKTests.m in Sources */,
				9DCA41021B3F7A9B006DC191 /* UBUtilsTests.m in Sources */,
				9DCA41081B3FBC26006DC191 /* UBOAuthTokenTests.m in Sources */,
				9DCA41101B3FC55E006DC191 /* OHHTTPStubs+UberSDKTests.m in Sources */,
				B2910B1E1AF81332003421B6 /* UberAPIClientTests.m in Sources */,
			);
			runOnlyForDeploymentPostprocessing = 0;
		};
/* End PBXSourcesBuildPhase section */

/* Begin XCBuildConfiguration section */
		B2910B1F1AF81332003421B6 /* Debug */ = {
			isa = XCBuildConfiguration;
			buildSettings = {
				ALWAYS_SEARCH_USER_PATHS = NO;
				CLANG_ALLOW_NON_MODULAR_INCLUDES_IN_FRAMEWORK_MODULES = YES;
				CLANG_CXX_LANGUAGE_STANDARD = "gnu++0x";
				CLANG_CXX_LIBRARY = "libc++";
				CLANG_ENABLE_MODULES = YES;
				CLANG_ENABLE_OBJC_ARC = YES;
				CLANG_WARN_BOOL_CONVERSION = YES;
				CLANG_WARN_CONSTANT_CONVERSION = YES;
				CLANG_WARN_DIRECT_OBJC_ISA_USAGE = YES_ERROR;
				CLANG_WARN_EMPTY_BODY = YES;
				CLANG_WARN_ENUM_CONVERSION = YES;
				CLANG_WARN_INT_CONVERSION = YES;
				CLANG_WARN_OBJC_ROOT_CLASS = YES_ERROR;
				CLANG_WARN_UNREACHABLE_CODE = YES;
				CLANG_WARN__DUPLICATE_METHOD_MATCH = YES;
				"CODE_SIGN_IDENTITY[sdk=iphoneos*]" = "iPhone Developer";
				COPY_PHASE_STRIP = NO;
				CURRENT_PROJECT_VERSION = 1;
				DEBUG_INFORMATION_FORMAT = "dwarf-with-dsym";
				ENABLE_STRICT_OBJC_MSGSEND = YES;
				GCC_C_LANGUAGE_STANDARD = gnu99;
				GCC_DYNAMIC_NO_PIC = NO;
				GCC_NO_COMMON_BLOCKS = YES;
				GCC_OPTIMIZATION_LEVEL = 0;
				GCC_PREPROCESSOR_DEFINITIONS = (
					"DEBUG=1",
					"$(inherited)",
				);
				GCC_SYMBOLS_PRIVATE_EXTERN = NO;
				GCC_WARN_64_TO_32_BIT_CONVERSION = YES;
				GCC_WARN_ABOUT_RETURN_TYPE = YES_ERROR;
				GCC_WARN_UNDECLARED_SELECTOR = YES;
				GCC_WARN_UNINITIALIZED_AUTOS = YES_AGGRESSIVE;
				GCC_WARN_UNUSED_FUNCTION = YES;
				GCC_WARN_UNUSED_VARIABLE = YES;
				HEADER_SEARCH_PATHS = (
					"$(inherited)",
					/Applications/Xcode.app/Contents/Developer/Toolchains/XcodeDefault.xctoolchain/usr/include,
				);
				IPHONEOS_DEPLOYMENT_TARGET = 7.0;
				MTL_ENABLE_DEBUG_INFO = YES;
				ONLY_ACTIVE_ARCH = YES;
				SDKROOT = iphoneos;
				TARGETED_DEVICE_FAMILY = "1,2";
				VERSIONING_SYSTEM = "apple-generic";
				VERSION_INFO_PREFIX = "";
			};
			name = Debug;
		};
		B2910B201AF81332003421B6 /* Release */ = {
			isa = XCBuildConfiguration;
			buildSettings = {
				ALWAYS_SEARCH_USER_PATHS = NO;
				CLANG_ALLOW_NON_MODULAR_INCLUDES_IN_FRAMEWORK_MODULES = YES;
				CLANG_CXX_LANGUAGE_STANDARD = "gnu++0x";
				CLANG_CXX_LIBRARY = "libc++";
				CLANG_ENABLE_MODULES = YES;
				CLANG_ENABLE_OBJC_ARC = YES;
				CLANG_WARN_BOOL_CONVERSION = YES;
				CLANG_WARN_CONSTANT_CONVERSION = YES;
				CLANG_WARN_DIRECT_OBJC_ISA_USAGE = YES_ERROR;
				CLANG_WARN_EMPTY_BODY = YES;
				CLANG_WARN_ENUM_CONVERSION = YES;
				CLANG_WARN_INT_CONVERSION = YES;
				CLANG_WARN_OBJC_ROOT_CLASS = YES_ERROR;
				CLANG_WARN_UNREACHABLE_CODE = YES;
				CLANG_WARN__DUPLICATE_METHOD_MATCH = YES;
				"CODE_SIGN_IDENTITY[sdk=iphoneos*]" = "iPhone Developer";
				COPY_PHASE_STRIP = NO;
				CURRENT_PROJECT_VERSION = 1;
				DEBUG_INFORMATION_FORMAT = "dwarf-with-dsym";
				ENABLE_NS_ASSERTIONS = NO;
				ENABLE_STRICT_OBJC_MSGSEND = YES;
				GCC_C_LANGUAGE_STANDARD = gnu99;
				GCC_NO_COMMON_BLOCKS = YES;
				GCC_WARN_64_TO_32_BIT_CONVERSION = YES;
				GCC_WARN_ABOUT_RETURN_TYPE = YES_ERROR;
				GCC_WARN_UNDECLARED_SELECTOR = YES;
				GCC_WARN_UNINITIALIZED_AUTOS = YES_AGGRESSIVE;
				GCC_WARN_UNUSED_FUNCTION = YES;
				GCC_WARN_UNUSED_VARIABLE = YES;
				HEADER_SEARCH_PATHS = (
					"$(inherited)",
					/Applications/Xcode.app/Contents/Developer/Toolchains/XcodeDefault.xctoolchain/usr/include,
				);
				IPHONEOS_DEPLOYMENT_TARGET = 7.0;
				MTL_ENABLE_DEBUG_INFO = NO;
				SDKROOT = iphoneos;
				TARGETED_DEVICE_FAMILY = "1,2";
				VALIDATE_PRODUCT = YES;
				VERSIONING_SYSTEM = "apple-generic";
				VERSION_INFO_PREFIX = "";
			};
			name = Release;
		};
		B2910B251AF81332003421B6 /* Debug */ = {
			isa = XCBuildConfiguration;
			baseConfigurationReference = E1EC4A2E9501DF6DF9A3ECA6 /* Pods-UberSDKTests.debug.xcconfig */;
			buildSettings = {
				GCC_PREPROCESSOR_DEFINITIONS = (
					"DEBUG=1",
					"$(inherited)",
				);
				INFOPLIST_FILE = UberSDKTests/Info.plist;
				LD_RUNPATH_SEARCH_PATHS = "$(inherited) @executable_path/Frameworks @loader_path/Frameworks";
				PRODUCT_NAME = "$(TARGET_NAME)";
			};
			name = Debug;
		};
		B2910B261AF81332003421B6 /* Release */ = {
			isa = XCBuildConfiguration;
			baseConfigurationReference = 6090402D2AEBEF69EF08BC5E /* Pods-UberSDKTests.release.xcconfig */;
			buildSettings = {
				INFOPLIST_FILE = UberSDKTests/Info.plist;
				LD_RUNPATH_SEARCH_PATHS = "$(inherited) @executable_path/Frameworks @loader_path/Frameworks";
				PRODUCT_NAME = "$(TARGET_NAME)";
			};
			name = Release;
		};
/* End XCBuildConfiguration section */

/* Begin XCConfigurationList section */
		B2910B051AF81332003421B6 /* Build configuration list for PBXProject "UberSDK" */ = {
			isa = XCConfigurationList;
			buildConfigurations = (
				B2910B1F1AF81332003421B6 /* Debug */,
				B2910B201AF81332003421B6 /* Release */,
			);
			defaultConfigurationIsVisible = 0;
			defaultConfigurationName = Release;
		};
		B2910B241AF81332003421B6 /* Build configuration list for PBXNativeTarget "UberSDKTests" */ = {
			isa = XCConfigurationList;
			buildConfigurations = (
				B2910B251AF81332003421B6 /* Debug */,
				B2910B261AF81332003421B6 /* Release */,
			);
			defaultConfigurationIsVisible = 0;
			defaultConfigurationName = Release;
		};
/* End XCConfigurationList section */
	};
	rootObject = B2910B021AF81332003421B6 /* Project object */;
}
